
Microsoft Visual Studio Solution File, Format Version 12.00
# Visual Studio Version 17
VisualStudioVersion = 17.2.32630.192
MinimumVisualStudioVersion = 10.0.40219.1
Project("{9A19103F-16F7-4668-BE54-9A1E7A4F7556}") = "R5T.O0024.Construction", "R5T.O0024.Construction\R5T.O0024.Construction.csproj", "{471E5660-C32C-4654-A6E0-F3A8061BC9CD}"
EndProject
Project("{9A19103F-16F7-4668-BE54-9A1E7A4F7556}") = "R5T.O0024", "R5T.O0024\R5T.O0024.csproj", "{E424D866-EDE0-4E57-93D2-457381451F4D}"
EndProject
Project("{2150E333-8FDC-42A3-9474-1A3956D46DE8}") = "_Dependencies", "_Dependencies", "{2D185743-6C86-4F7E-8C61-27FD1A52995B}"
EndProject
Project("{9A19103F-16F7-4668-BE54-9A1E7A4F7556}") = "R5T.NG0019", "..\..\R5T.NG0019\source\R5T.NG0019\R5T.NG0019.csproj", "{FFF306C3-A6F3-4195-B22A-316E94A34663}"
EndProject
Project("{9A19103F-16F7-4668-BE54-9A1E7A4F7556}") = "R5T.F0000", "..\..\R5T.F0000\source\R5T.F0000\R5T.F0000.csproj", "{ED96DA82-7CE4-4881-8678-CB5AEB089414}"
EndProject
Project("{9A19103F-16F7-4668-BE54-9A1E7A4F7556}") = "R5T.F0002", "..\..\R5T.F0002\source\R5T.F0002\R5T.F0002.csproj", "{F69A9143-037B-4264-B2FA-BFF01731155F}"
EndProject
Project("{9A19103F-16F7-4668-BE54-9A1E7A4F7556}") = "R5T.F0120", "..\..\R5T.F0120\source\R5T.F0120\R5T.F0120.csproj", "{8FE3A2CB-06C4-466A-B405-C88B31A13346}"
EndProject
Project("{9A19103F-16F7-4668-BE54-9A1E7A4F7556}") = "R5T.F0124", "..\..\R5T.F0124\source\R5T.F0124\R5T.F0124.csproj", "{5E159A35-C447-4D6C-83EE-922483038BF2}"
EndProject
Project("{9A19103F-16F7-4668-BE54-9A1E7A4F7556}") = "R5T.L0030.T000", "..\..\R5T.L0030\source\R5T.L0030.T000\R5T.L0030.T000.csproj", "{185D60DB-5437-41AE-B1FE-0F231E9AEEB8}"
EndProject
Project("{9A19103F-16F7-4668-BE54-9A1E7A4F7556}") = "R5T.L0030", "..\..\R5T.L0030\source\R5T.L0030\R5T.L0030.csproj", "{D2C151A9-89EE-4337-B85A-FB5FFACB5ACA}"
EndProject
Project("{9A19103F-16F7-4668-BE54-9A1E7A4F7556}") = "R5T.L0034", "..\..\R5T.L0034\source\R5T.L0034\R5T.L0034.csproj", "{EE09D376-E27C-4B5B-8036-3698C3A0E04C}"
EndProject
Project("{9A19103F-16F7-4668-BE54-9A1E7A4F7556}") = "R5T.NG0022", "..\..\R5T.NG0022\source\R5T.NG0022\R5T.NG0022.csproj", "{D0B42AA7-DCCD-47B3-A0B4-3F30ADEB3E7E}"
EndProject
Project("{9A19103F-16F7-4668-BE54-9A1E7A4F7556}") = "R5T.T0131", "..\..\R5T.T0131\source\R5T.T0131\R5T.T0131.csproj", "{8FB7FDB9-91F6-4ACE-98EE-D2FB1FAFCB1C}"
EndProject
Project("{9A19103F-16F7-4668-BE54-9A1E7A4F7556}") = "R5T.T0132", "..\..\R5T.T0132\source\R5T.T0132\R5T.T0132.csproj", "{4D774E36-D021-410F-B35E-2AAC9CE43A97}"
EndProject
Project("{9A19103F-16F7-4668-BE54-9A1E7A4F7556}") = "R5T.T0142", "..\..\R5T.T0142\source\R5T.T0142\R5T.T0142.csproj", "{98A11AE2-59C8-4809-B0CC-0111D026363B}"
EndProject
Project("{9A19103F-16F7-4668-BE54-9A1E7A4F7556}") = "R5T.T0143", "..\..\R5T.T0143\source\R5T.T0143\R5T.T0143.csproj", "{2E0C9185-23B9-4386-B6A0-CC43D8A69728}"
EndProject
Project("{9A19103F-16F7-4668-BE54-9A1E7A4F7556}") = "R5T.T0156", "..\..\R5T.T0156\source\R5T.T0156\R5T.T0156.csproj", "{1523DC97-B394-4DB8-AA7B-BCE60B88A236}"
EndProject
Project("{9A19103F-16F7-4668-BE54-9A1E7A4F7556}") = "R5T.T0174", "..\..\R5T.T0174\source\R5T.T0174\R5T.T0174.csproj", "{5D369813-89C5-41E7-9AFE-221B1E5B5349}"
EndProject
Project("{9A19103F-16F7-4668-BE54-9A1E7A4F7556}") = "R5T.T0176", "..\..\R5T.T0176\source\R5T.T0176\R5T.T0176.csproj", "{D35F2CBB-679F-4E81-BB5C-602C68EE0C23}"
EndProject
Project("{9A19103F-16F7-4668-BE54-9A1E7A4F7556}") = "R5T.T0177", "..\..\R5T.T0177\source\R5T.T0177\R5T.T0177.csproj", "{81AD7AFE-6954-4C55-BF71-D3987543E48C}"
EndProject
Project("{9A19103F-16F7-4668-BE54-9A1E7A4F7556}") = "R5T.T0178", "..\..\R5T.T0178\source\R5T.T0178\R5T.T0178.csproj", "{00917E18-F55D-489F-891B-83F00F5276B7}"
EndProject
Project("{9A19103F-16F7-4668-BE54-9A1E7A4F7556}") = "R5T.T0179", "..\..\R5T.T0179\source\R5T.T0179\R5T.T0179.csproj", "{DDD94779-2373-4979-AD09-6A5118AFDA00}"
EndProject
Project("{9A19103F-16F7-4668-BE54-9A1E7A4F7556}") = "R5T.T0180", "..\..\R5T.T0180\source\R5T.T0180\R5T.T0180.csproj", "{C9B7E394-CA6F-4328-BF2D-C73B5F568043}"
EndProject
Project("{9A19103F-16F7-4668-BE54-9A1E7A4F7556}") = "R5T.T0181", "..\..\R5T.T0181\source\R5T.T0181\R5T.T0181.csproj", "{DC743106-91BB-4DB5-9E9A-355E6E663D2B}"
EndProject
Project("{9A19103F-16F7-4668-BE54-9A1E7A4F7556}") = "R5T.T0185", "..\..\R5T.T0185\source\R5T.T0185\R5T.T0185.csproj", "{EC3AAB83-85EF-4044-9E78-5E26F5AAD6DF}"
EndProject
Project("{9A19103F-16F7-4668-BE54-9A1E7A4F7556}") = "R5T.T0203", "..\..\R5T.T0203\source\R5T.T0203\R5T.T0203.csproj", "{47D7A66F-FF6B-45EB-83B7-0A749ED1240F}"
EndProject
Project("{9A19103F-16F7-4668-BE54-9A1E7A4F7556}") = "R5T.Y0000", "..\..\R5T.Y0000\source\R5T.Y0000\R5T.Y0000.csproj", "{10D092BF-BB5E-44E4-9896-C1C5E8EDD9A5}"
EndProject
Project("{9A19103F-16F7-4668-BE54-9A1E7A4F7556}") = "R5T.Z0000", "..\..\R5T.Z0000\source\R5T.Z0000\R5T.Z0000.csproj", "{6DC616B3-817F-417C-A708-D315785E0A8D}"
EndProject
Project("{9A19103F-16F7-4668-BE54-9A1E7A4F7556}") = "R5T.F0125", "..\..\R5T.F0125\source\R5T.F0125\R5T.F0125.csproj", "{E72FA6F4-3F01-4D50-B0E1-5A6DFD249230}"
EndProject
Project("{9A19103F-16F7-4668-BE54-9A1E7A4F7556}") = "R5T.L0035", "..\..\R5T.L0035\source\R5T.L0035\R5T.L0035.csproj", "{DF28C02D-61E1-42DB-8FD4-EDC517D5F0D4}"
EndProject
Project("{9A19103F-16F7-4668-BE54-9A1E7A4F7556}") = "R5T.L0048.F000", "..\..\R5T.L0048\source\R5T.L0048.F000\R5T.L0048.F000.csproj", "{8EE071D6-9A1B-4276-8CA0-406335C675EF}"
EndProject
Project("{9A19103F-16F7-4668-BE54-9A1E7A4F7556}") = "R5T.L0048", "..\..\R5T.L0048\source\R5T.L0048\R5T.L0048.csproj", "{BF90BBF6-905D-4D52-9E2E-EBB9BCB7B928}"
EndProject
Project("{9A19103F-16F7-4668-BE54-9A1E7A4F7556}") = "R5T.F0059", "..\..\R5T.F0059\source\R5T.F0059\R5T.F0059.csproj", "{83E8D54D-82E2-40C9-B8BA-F49B254C99E7}"
EndProject
Project("{9A19103F-16F7-4668-BE54-9A1E7A4F7556}") = "R5T.L0053", "..\..\R5T.L0053\source\R5T.L0053\R5T.L0053.csproj", "{B25A9201-0F7F-49AB-B50E-FBBC9B8C6108}"
EndProject
Project("{9A19103F-16F7-4668-BE54-9A1E7A4F7556}") = "R5T.L0056", "..\..\R5T.L0056\source\R5T.L0056\R5T.L0056.csproj", "{44E2CA01-47E6-4CF5-9C98-410FC10A3DDC}"
EndProject
Project("{9A19103F-16F7-4668-BE54-9A1E7A4F7556}") = "R5T.L0066", "..\..\R5T.L0066\source\R5T.L0066\R5T.L0066.csproj", "{24059005-D7CB-4EE8-9743-CF37899AAE94}"
EndProject
Project("{9A19103F-16F7-4668-BE54-9A1E7A4F7556}") = "R5T.L0071", "..\..\R5T.L0071\source\R5T.L0071\R5T.L0071.csproj", "{B4AB6291-44DD-490B-BC3D-15DA22AE4E61}"
EndProject
Project("{9A19103F-16F7-4668-BE54-9A1E7A4F7556}") = "R5T.NG0006", "..\..\R5T.NG0006\source\R5T.NG0006\R5T.NG0006.csproj", "{EDED67EE-35A1-4834-A500-FFA61C99A648}"
EndProject
Project("{9A19103F-16F7-4668-BE54-9A1E7A4F7556}") = "R5T.T0150", "..\..\R5T.T0150\source\R5T.T0150\R5T.T0150.csproj", "{1403317C-6361-49BF-9DD4-01E9476C1CF9}"
EndProject
Project("{9A19103F-16F7-4668-BE54-9A1E7A4F7556}") = "R5T.T0151", "..\..\R5T.T0151\source\R5T.T0151\R5T.T0151.csproj", "{2F97DC26-575F-46EA-BC36-5B482354E9CD}"
EndProject
Project("{9A19103F-16F7-4668-BE54-9A1E7A4F7556}") = "R5T.T0158", "..\..\R5T.T0158\source\R5T.T0158\R5T.T0158.csproj", "{E3B7E605-E06E-4C53-8807-E5D9A05AD3C0}"
EndProject
Project("{9A19103F-16F7-4668-BE54-9A1E7A4F7556}") = "R5T.T0159", "..\..\R5T.T0159\source\R5T.T0159\R5T.T0159.csproj", "{2A17EE15-CB57-4E93-AAC5-8E2FB13C21F6}"
EndProject
Project("{9A19103F-16F7-4668-BE54-9A1E7A4F7556}") = "R5T.T0161", "..\..\R5T.T0161\source\R5T.T0161\R5T.T0161.csproj", "{B66958C9-396B-4D39-9EE4-3B628B607036}"
EndProject
Project("{9A19103F-16F7-4668-BE54-9A1E7A4F7556}") = "R5T.T0172", "..\..\R5T.T0172\source\R5T.T0172\R5T.T0172.csproj", "{6664461F-12C2-49AA-90A8-055B371C2555}"
EndProject
Project("{9A19103F-16F7-4668-BE54-9A1E7A4F7556}") = "R5T.T0199.T000", "..\..\R5T.T0199\source\R5T.T0199.T000\R5T.T0199.T000.csproj", "{4A2E3436-B9C2-49CD-B03A-7B4C977F4723}"
EndProject
Project("{9A19103F-16F7-4668-BE54-9A1E7A4F7556}") = "R5T.T0199.T001", "..\..\R5T.T0199\source\R5T.T0199.T001\R5T.T0199.T001.csproj", "{B56667FE-D16D-4C88-B113-6D75F3669715}"
EndProject
Project("{9A19103F-16F7-4668-BE54-9A1E7A4F7556}") = "R5T.T0199", "..\..\R5T.T0199\source\R5T.T0199\R5T.T0199.csproj", "{9F0C3D6E-EC92-465D-A2DE-F2C4E6A2C02D}"
EndProject
Project("{9A19103F-16F7-4668-BE54-9A1E7A4F7556}") = "R5T.T0213", "..\..\R5T.T0213\source\R5T.T0213\R5T.T0213.csproj", "{EA5B44E5-2693-48C5-88B3-F9D95DF06BD1}"
EndProject
Project("{9A19103F-16F7-4668-BE54-9A1E7A4F7556}") = "R5T.T0218", "..\..\R5T.T0218\source\R5T.T0218\R5T.T0218.csproj", "{DD91ABA6-DBEA-4086-8D5D-9106CAD5EB2C}"
EndProject
Project("{9A19103F-16F7-4668-BE54-9A1E7A4F7556}") = "R5T.T0219", "..\..\R5T.T0219\source\R5T.T0219\R5T.T0219.csproj", "{782DBCC6-7607-46B4-9D4C-B31522D6E3B9}"
EndProject
Project("{9A19103F-16F7-4668-BE54-9A1E7A4F7556}") = "R5T.T0220", "..\..\R5T.T0220\source\R5T.T0220\R5T.T0220.csproj", "{8343445B-2F8C-4356-A0A0-74457D222841}"
EndProject
Project("{9A19103F-16F7-4668-BE54-9A1E7A4F7556}") = "R5T.T0221", "..\..\R5T.T0221\source\R5T.T0221\R5T.T0221.csproj", "{691EA1DE-B767-4353-950F-69D84F6CD13B}"
EndProject
Project("{9A19103F-16F7-4668-BE54-9A1E7A4F7556}") = "R5T.T0227", "..\..\R5T.T0227\source\R5T.T0227\R5T.T0227.csproj", "{B34E74A0-3A17-4402-930C-9C4F9AE0CCB3}"
EndProject
Project("{9A19103F-16F7-4668-BE54-9A1E7A4F7556}") = "R5T.Y0006", "..\..\R5T.Y0006\source\R5T.Y0006\R5T.Y0006.csproj", "{E615B2A8-75F4-40C8-B2A1-40ED7117F812}"
EndProject
Project("{9A19103F-16F7-4668-BE54-9A1E7A4F7556}") = "R5T.Z0010.Platform", "..\..\R5T.Z0010\source\R5T.Z0010.Platform\R5T.Z0010.Platform.csproj", "{28200DDC-FF04-4038-ABC6-87E93E07F3B5}"
EndProject
Project("{9A19103F-16F7-4668-BE54-9A1E7A4F7556}") = "R5T.Z0010", "..\..\R5T.Z0010\source\R5T.Z0010\R5T.Z0010.csproj", "{106A8734-6142-4812-B9BE-EEC265343D52}"
EndProject
Project("{9A19103F-16F7-4668-BE54-9A1E7A4F7556}") = "R5T.Z0057.Platform", "..\..\R5T.Z0057\source\R5T.Z0057.Platform\R5T.Z0057.Platform.csproj", "{350EFB69-7FFC-42DC-87E4-2906E78DA69A}"
EndProject
Project("{9A19103F-16F7-4668-BE54-9A1E7A4F7556}") = "R5T.Z0057", "..\..\R5T.Z0057\source\R5T.Z0057\R5T.Z0057.csproj", "{5EC2390C-7004-4BAF-9817-38A7B66AA970}"
EndProject
Project("{9A19103F-16F7-4668-BE54-9A1E7A4F7556}") = "R5T.Z0058", "..\..\R5T.Z0058\source\R5T.Z0058\R5T.Z0058.csproj", "{05D98254-DA92-45E8-8641-7050DEA532B8}"
EndProject
Global
	GlobalSection(NestedProjects) = preSolution
		{FFF306C3-A6F3-4195-B22A-316E94A34663} = {2D185743-6C86-4F7E-8C61-27FD1A52995B}
		{ED96DA82-7CE4-4881-8678-CB5AEB089414} = {2D185743-6C86-4F7E-8C61-27FD1A52995B}
		{F69A9143-037B-4264-B2FA-BFF01731155F} = {2D185743-6C86-4F7E-8C61-27FD1A52995B}
		{8FE3A2CB-06C4-466A-B405-C88B31A13346} = {2D185743-6C86-4F7E-8C61-27FD1A52995B}
		{5E159A35-C447-4D6C-83EE-922483038BF2} = {2D185743-6C86-4F7E-8C61-27FD1A52995B}
		{185D60DB-5437-41AE-B1FE-0F231E9AEEB8} = {2D185743-6C86-4F7E-8C61-27FD1A52995B}
		{D2C151A9-89EE-4337-B85A-FB5FFACB5ACA} = {2D185743-6C86-4F7E-8C61-27FD1A52995B}
		{EE09D376-E27C-4B5B-8036-3698C3A0E04C} = {2D185743-6C86-4F7E-8C61-27FD1A52995B}
		{D0B42AA7-DCCD-47B3-A0B4-3F30ADEB3E7E} = {2D185743-6C86-4F7E-8C61-27FD1A52995B}
		{8FB7FDB9-91F6-4ACE-98EE-D2FB1FAFCB1C} = {2D185743-6C86-4F7E-8C61-27FD1A52995B}
		{4D774E36-D021-410F-B35E-2AAC9CE43A97} = {2D185743-6C86-4F7E-8C61-27FD1A52995B}
		{98A11AE2-59C8-4809-B0CC-0111D026363B} = {2D185743-6C86-4F7E-8C61-27FD1A52995B}
		{2E0C9185-23B9-4386-B6A0-CC43D8A69728} = {2D185743-6C86-4F7E-8C61-27FD1A52995B}
		{1523DC97-B394-4DB8-AA7B-BCE60B88A236} = {2D185743-6C86-4F7E-8C61-27FD1A52995B}
		{5D369813-89C5-41E7-9AFE-221B1E5B5349} = {2D185743-6C86-4F7E-8C61-27FD1A52995B}
		{D35F2CBB-679F-4E81-BB5C-602C68EE0C23} = {2D185743-6C86-4F7E-8C61-27FD1A52995B}
		{81AD7AFE-6954-4C55-BF71-D3987543E48C} = {2D185743-6C86-4F7E-8C61-27FD1A52995B}
		{00917E18-F55D-489F-891B-83F00F5276B7} = {2D185743-6C86-4F7E-8C61-27FD1A52995B}
		{DDD94779-2373-4979-AD09-6A5118AFDA00} = {2D185743-6C86-4F7E-8C61-27FD1A52995B}
		{C9B7E394-CA6F-4328-BF2D-C73B5F568043} = {2D185743-6C86-4F7E-8C61-27FD1A52995B}
		{DC743106-91BB-4DB5-9E9A-355E6E663D2B} = {2D185743-6C86-4F7E-8C61-27FD1A52995B}
		{EC3AAB83-85EF-4044-9E78-5E26F5AAD6DF} = {2D185743-6C86-4F7E-8C61-27FD1A52995B}
		{47D7A66F-FF6B-45EB-83B7-0A749ED1240F} = {2D185743-6C86-4F7E-8C61-27FD1A52995B}
		{10D092BF-BB5E-44E4-9896-C1C5E8EDD9A5} = {2D185743-6C86-4F7E-8C61-27FD1A52995B}
		{6DC616B3-817F-417C-A708-D315785E0A8D} = {2D185743-6C86-4F7E-8C61-27FD1A52995B}
		{E72FA6F4-3F01-4D50-B0E1-5A6DFD249230} = {2D185743-6C86-4F7E-8C61-27FD1A52995B}
		{DF28C02D-61E1-42DB-8FD4-EDC517D5F0D4} = {2D185743-6C86-4F7E-8C61-27FD1A52995B}
		{8EE071D6-9A1B-4276-8CA0-406335C675EF} = {2D185743-6C86-4F7E-8C61-27FD1A52995B}
		{BF90BBF6-905D-4D52-9E2E-EBB9BCB7B928} = {2D185743-6C86-4F7E-8C61-27FD1A52995B}
		{83E8D54D-82E2-40C9-B8BA-F49B254C99E7} = {2D185743-6C86-4F7E-8C61-27FD1A52995B}
		{B25A9201-0F7F-49AB-B50E-FBBC9B8C6108} = {2D185743-6C86-4F7E-8C61-27FD1A52995B}
		{44E2CA01-47E6-4CF5-9C98-410FC10A3DDC} = {2D185743-6C86-4F7E-8C61-27FD1A52995B}
		{24059005-D7CB-4EE8-9743-CF37899AAE94} = {2D185743-6C86-4F7E-8C61-27FD1A52995B}
		{B4AB6291-44DD-490B-BC3D-15DA22AE4E61} = {2D185743-6C86-4F7E-8C61-27FD1A52995B}
		{EDED67EE-35A1-4834-A500-FFA61C99A648} = {2D185743-6C86-4F7E-8C61-27FD1A52995B}
		{1403317C-6361-49BF-9DD4-01E9476C1CF9} = {2D185743-6C86-4F7E-8C61-27FD1A52995B}
		{2F97DC26-575F-46EA-BC36-5B482354E9CD} = {2D185743-6C86-4F7E-8C61-27FD1A52995B}
		{E3B7E605-E06E-4C53-8807-E5D9A05AD3C0} = {2D185743-6C86-4F7E-8C61-27FD1A52995B}
		{2A17EE15-CB57-4E93-AAC5-8E2FB13C21F6} = {2D185743-6C86-4F7E-8C61-27FD1A52995B}
		{B66958C9-396B-4D39-9EE4-3B628B607036} = {2D185743-6C86-4F7E-8C61-27FD1A52995B}
		{6664461F-12C2-49AA-90A8-055B371C2555} = {2D185743-6C86-4F7E-8C61-27FD1A52995B}
		{4A2E3436-B9C2-49CD-B03A-7B4C977F4723} = {2D185743-6C86-4F7E-8C61-27FD1A52995B}
		{B56667FE-D16D-4C88-B113-6D75F3669715} = {2D185743-6C86-4F7E-8C61-27FD1A52995B}
		{9F0C3D6E-EC92-465D-A2DE-F2C4E6A2C02D} = {2D185743-6C86-4F7E-8C61-27FD1A52995B}
		{EA5B44E5-2693-48C5-88B3-F9D95DF06BD1} = {2D185743-6C86-4F7E-8C61-27FD1A52995B}
		{DD91ABA6-DBEA-4086-8D5D-9106CAD5EB2C} = {2D185743-6C86-4F7E-8C61-27FD1A52995B}
		{782DBCC6-7607-46B4-9D4C-B31522D6E3B9} = {2D185743-6C86-4F7E-8C61-27FD1A52995B}
		{8343445B-2F8C-4356-A0A0-74457D222841} = {2D185743-6C86-4F7E-8C61-27FD1A52995B}
		{691EA1DE-B767-4353-950F-69D84F6CD13B} = {2D185743-6C86-4F7E-8C61-27FD1A52995B}
		{B34E74A0-3A17-4402-930C-9C4F9AE0CCB3} = {2D185743-6C86-4F7E-8C61-27FD1A52995B}
		{E615B2A8-75F4-40C8-B2A1-40ED7117F812} = {2D185743-6C86-4F7E-8C61-27FD1A52995B}
		{28200DDC-FF04-4038-ABC6-87E93E07F3B5} = {2D185743-6C86-4F7E-8C61-27FD1A52995B}
		{106A8734-6142-4812-B9BE-EEC265343D52} = {2D185743-6C86-4F7E-8C61-27FD1A52995B}
		{350EFB69-7FFC-42DC-87E4-2906E78DA69A} = {2D185743-6C86-4F7E-8C61-27FD1A52995B}
		{5EC2390C-7004-4BAF-9817-38A7B66AA970} = {2D185743-6C86-4F7E-8C61-27FD1A52995B}
		{05D98254-DA92-45E8-8641-7050DEA532B8} = {2D185743-6C86-4F7E-8C61-27FD1A52995B}
	EndGlobalSection
	GlobalSection(SolutionConfigurationPlatforms) = preSolution
		Debug|Any CPU = Debug|Any CPU
		Release|Any CPU = Release|Any CPU
	EndGlobalSection
	GlobalSection(ProjectConfigurationPlatforms) = postSolution
		{471E5660-C32C-4654-A6E0-F3A8061BC9CD}.Debug|Any CPU.ActiveCfg = Debug|Any CPU
		{471E5660-C32C-4654-A6E0-F3A8061BC9CD}.Debug|Any CPU.Build.0 = Debug|Any CPU
		{471E5660-C32C-4654-A6E0-F3A8061BC9CD}.Release|Any CPU.ActiveCfg = Release|Any CPU
		{471E5660-C32C-4654-A6E0-F3A8061BC9CD}.Release|Any CPU.Build.0 = Release|Any CPU
		{E424D866-EDE0-4E57-93D2-457381451F4D}.Debug|Any CPU.ActiveCfg = Debug|Any CPU
		{E424D866-EDE0-4E57-93D2-457381451F4D}.Debug|Any CPU.Build.0 = Debug|Any CPU
		{E424D866-EDE0-4E57-93D2-457381451F4D}.Release|Any CPU.ActiveCfg = Release|Any CPU
		{E424D866-EDE0-4E57-93D2-457381451F4D}.Release|Any CPU.Build.0 = Release|Any CPU
		{FFF306C3-A6F3-4195-B22A-316E94A34663}.Debug|Any CPU.ActiveCfg = Debug|Any CPU
		{FFF306C3-A6F3-4195-B22A-316E94A34663}.Debug|Any CPU.Build.0 = Debug|Any CPU
		{FFF306C3-A6F3-4195-B22A-316E94A34663}.Release|Any CPU.ActiveCfg = Release|Any CPU
		{FFF306C3-A6F3-4195-B22A-316E94A34663}.Release|Any CPU.Build.0 = Release|Any CPU
		{ED96DA82-7CE4-4881-8678-CB5AEB089414}.Debug|Any CPU.ActiveCfg = Debug|Any CPU
		{ED96DA82-7CE4-4881-8678-CB5AEB089414}.Debug|Any CPU.Build.0 = Debug|Any CPU
		{ED96DA82-7CE4-4881-8678-CB5AEB089414}.Release|Any CPU.ActiveCfg = Release|Any CPU
		{ED96DA82-7CE4-4881-8678-CB5AEB089414}.Release|Any CPU.Build.0 = Release|Any CPU
		{F69A9143-037B-4264-B2FA-BFF01731155F}.Debug|Any CPU.ActiveCfg = Debug|Any CPU
		{F69A9143-037B-4264-B2FA-BFF01731155F}.Debug|Any CPU.Build.0 = Debug|Any CPU
		{F69A9143-037B-4264-B2FA-BFF01731155F}.Release|Any CPU.ActiveCfg = Release|Any CPU
		{F69A9143-037B-4264-B2FA-BFF01731155F}.Release|Any CPU.Build.0 = Release|Any CPU
		{8FE3A2CB-06C4-466A-B405-C88B31A13346}.Debug|Any CPU.ActiveCfg = Debug|Any CPU
		{8FE3A2CB-06C4-466A-B405-C88B31A13346}.Debug|Any CPU.Build.0 = Debug|Any CPU
		{8FE3A2CB-06C4-466A-B405-C88B31A13346}.Release|Any CPU.ActiveCfg = Release|Any CPU
		{8FE3A2CB-06C4-466A-B405-C88B31A13346}.Release|Any CPU.Build.0 = Release|Any CPU
		{5E159A35-C447-4D6C-83EE-922483038BF2}.Debug|Any CPU.ActiveCfg = Debug|Any CPU
		{5E159A35-C447-4D6C-83EE-922483038BF2}.Debug|Any CPU.Build.0 = Debug|Any CPU
		{5E159A35-C447-4D6C-83EE-922483038BF2}.Release|Any CPU.ActiveCfg = Release|Any CPU
		{5E159A35-C447-4D6C-83EE-922483038BF2}.Release|Any CPU.Build.0 = Release|Any CPU
		{185D60DB-5437-41AE-B1FE-0F231E9AEEB8}.Debug|Any CPU.ActiveCfg = Debug|Any CPU
		{185D60DB-5437-41AE-B1FE-0F231E9AEEB8}.Debug|Any CPU.Build.0 = Debug|Any CPU
		{185D60DB-5437-41AE-B1FE-0F231E9AEEB8}.Release|Any CPU.ActiveCfg = Release|Any CPU
		{185D60DB-5437-41AE-B1FE-0F231E9AEEB8}.Release|Any CPU.Build.0 = Release|Any CPU
		{D2C151A9-89EE-4337-B85A-FB5FFACB5ACA}.Debug|Any CPU.ActiveCfg = Debug|Any CPU
		{D2C151A9-89EE-4337-B85A-FB5FFACB5ACA}.Debug|Any CPU.Build.0 = Debug|Any CPU
		{D2C151A9-89EE-4337-B85A-FB5FFACB5ACA}.Release|Any CPU.ActiveCfg = Release|Any CPU
		{D2C151A9-89EE-4337-B85A-FB5FFACB5ACA}.Release|Any CPU.Build.0 = Release|Any CPU
		{EE09D376-E27C-4B5B-8036-3698C3A0E04C}.Debug|Any CPU.ActiveCfg = Debug|Any CPU
		{EE09D376-E27C-4B5B-8036-3698C3A0E04C}.Debug|Any CPU.Build.0 = Debug|Any CPU
		{EE09D376-E27C-4B5B-8036-3698C3A0E04C}.Release|Any CPU.ActiveCfg = Release|Any CPU
		{EE09D376-E27C-4B5B-8036-3698C3A0E04C}.Release|Any CPU.Build.0 = Release|Any CPU
		{D0B42AA7-DCCD-47B3-A0B4-3F30ADEB3E7E}.Debug|Any CPU.ActiveCfg = Debug|Any CPU
		{D0B42AA7-DCCD-47B3-A0B4-3F30ADEB3E7E}.Debug|Any CPU.Build.0 = Debug|Any CPU
		{D0B42AA7-DCCD-47B3-A0B4-3F30ADEB3E7E}.Release|Any CPU.ActiveCfg = Release|Any CPU
		{D0B42AA7-DCCD-47B3-A0B4-3F30ADEB3E7E}.Release|Any CPU.Build.0 = Release|Any CPU
		{8FB7FDB9-91F6-4ACE-98EE-D2FB1FAFCB1C}.Debug|Any CPU.ActiveCfg = Debug|Any CPU
		{8FB7FDB9-91F6-4ACE-98EE-D2FB1FAFCB1C}.Debug|Any CPU.Build.0 = Debug|Any CPU
		{8FB7FDB9-91F6-4ACE-98EE-D2FB1FAFCB1C}.Release|Any CPU.ActiveCfg = Release|Any CPU
		{8FB7FDB9-91F6-4ACE-98EE-D2FB1FAFCB1C}.Release|Any CPU.Build.0 = Release|Any CPU
		{4D774E36-D021-410F-B35E-2AAC9CE43A97}.Debug|Any CPU.ActiveCfg = Debug|Any CPU
		{4D774E36-D021-410F-B35E-2AAC9CE43A97}.Debug|Any CPU.Build.0 = Debug|Any CPU
		{4D774E36-D021-410F-B35E-2AAC9CE43A97}.Release|Any CPU.ActiveCfg = Release|Any CPU
		{4D774E36-D021-410F-B35E-2AAC9CE43A97}.Release|Any CPU.Build.0 = Release|Any CPU
		{98A11AE2-59C8-4809-B0CC-0111D026363B}.Debug|Any CPU.ActiveCfg = Debug|Any CPU
		{98A11AE2-59C8-4809-B0CC-0111D026363B}.Debug|Any CPU.Build.0 = Debug|Any CPU
		{98A11AE2-59C8-4809-B0CC-0111D026363B}.Release|Any CPU.ActiveCfg = Release|Any CPU
		{98A11AE2-59C8-4809-B0CC-0111D026363B}.Release|Any CPU.Build.0 = Release|Any CPU
		{2E0C9185-23B9-4386-B6A0-CC43D8A69728}.Debug|Any CPU.ActiveCfg = Debug|Any CPU
		{2E0C9185-23B9-4386-B6A0-CC43D8A69728}.Debug|Any CPU.Build.0 = Debug|Any CPU
		{2E0C9185-23B9-4386-B6A0-CC43D8A69728}.Release|Any CPU.ActiveCfg = Release|Any CPU
		{2E0C9185-23B9-4386-B6A0-CC43D8A69728}.Release|Any CPU.Build.0 = Release|Any CPU
		{1523DC97-B394-4DB8-AA7B-BCE60B88A236}.Debug|Any CPU.ActiveCfg = Debug|Any CPU
		{1523DC97-B394-4DB8-AA7B-BCE60B88A236}.Debug|Any CPU.Build.0 = Debug|Any CPU
		{1523DC97-B394-4DB8-AA7B-BCE60B88A236}.Release|Any CPU.ActiveCfg = Release|Any CPU
		{1523DC97-B394-4DB8-AA7B-BCE60B88A236}.Release|Any CPU.Build.0 = Release|Any CPU
		{5D369813-89C5-41E7-9AFE-221B1E5B5349}.Debug|Any CPU.ActiveCfg = Debug|Any CPU
		{5D369813-89C5-41E7-9AFE-221B1E5B5349}.Debug|Any CPU.Build.0 = Debug|Any CPU
		{5D369813-89C5-41E7-9AFE-221B1E5B5349}.Release|Any CPU.ActiveCfg = Release|Any CPU
		{5D369813-89C5-41E7-9AFE-221B1E5B5349}.Release|Any CPU.Build.0 = Release|Any CPU
		{D35F2CBB-679F-4E81-BB5C-602C68EE0C23}.Debug|Any CPU.ActiveCfg = Debug|Any CPU
		{D35F2CBB-679F-4E81-BB5C-602C68EE0C23}.Debug|Any CPU.Build.0 = Debug|Any CPU
		{D35F2CBB-679F-4E81-BB5C-602C68EE0C23}.Release|Any CPU.ActiveCfg = Release|Any CPU
		{D35F2CBB-679F-4E81-BB5C-602C68EE0C23}.Release|Any CPU.Build.0 = Release|Any CPU
		{81AD7AFE-6954-4C55-BF71-D3987543E48C}.Debug|Any CPU.ActiveCfg = Debug|Any CPU
		{81AD7AFE-6954-4C55-BF71-D3987543E48C}.Debug|Any CPU.Build.0 = Debug|Any CPU
		{81AD7AFE-6954-4C55-BF71-D3987543E48C}.Release|Any CPU.ActiveCfg = Release|Any CPU
		{81AD7AFE-6954-4C55-BF71-D3987543E48C}.Release|Any CPU.Build.0 = Release|Any CPU
		{00917E18-F55D-489F-891B-83F00F5276B7}.Debug|Any CPU.ActiveCfg = Debug|Any CPU
		{00917E18-F55D-489F-891B-83F00F5276B7}.Debug|Any CPU.Build.0 = Debug|Any CPU
		{00917E18-F55D-489F-891B-83F00F5276B7}.Release|Any CPU.ActiveCfg = Release|Any CPU
		{00917E18-F55D-489F-891B-83F00F5276B7}.Release|Any CPU.Build.0 = Release|Any CPU
		{DDD94779-2373-4979-AD09-6A5118AFDA00}.Debug|Any CPU.ActiveCfg = Debug|Any CPU
		{DDD94779-2373-4979-AD09-6A5118AFDA00}.Debug|Any CPU.Build.0 = Debug|Any CPU
		{DDD94779-2373-4979-AD09-6A5118AFDA00}.Release|Any CPU.ActiveCfg = Release|Any CPU
		{DDD94779-2373-4979-AD09-6A5118AFDA00}.Release|Any CPU.Build.0 = Release|Any CPU
		{C9B7E394-CA6F-4328-BF2D-C73B5F568043}.Debug|Any CPU.ActiveCfg = Debug|Any CPU
		{C9B7E394-CA6F-4328-BF2D-C73B5F568043}.Debug|Any CPU.Build.0 = Debug|Any CPU
		{C9B7E394-CA6F-4328-BF2D-C73B5F568043}.Release|Any CPU.ActiveCfg = Release|Any CPU
		{C9B7E394-CA6F-4328-BF2D-C73B5F568043}.Release|Any CPU.Build.0 = Release|Any CPU
		{DC743106-91BB-4DB5-9E9A-355E6E663D2B}.Debug|Any CPU.ActiveCfg = Debug|Any CPU
		{DC743106-91BB-4DB5-9E9A-355E6E663D2B}.Debug|Any CPU.Build.0 = Debug|Any CPU
		{DC743106-91BB-4DB5-9E9A-355E6E663D2B}.Release|Any CPU.ActiveCfg = Release|Any CPU
		{DC743106-91BB-4DB5-9E9A-355E6E663D2B}.Release|Any CPU.Build.0 = Release|Any CPU
		{EC3AAB83-85EF-4044-9E78-5E26F5AAD6DF}.Debug|Any CPU.ActiveCfg = Debug|Any CPU
		{EC3AAB83-85EF-4044-9E78-5E26F5AAD6DF}.Debug|Any CPU.Build.0 = Debug|Any CPU
		{EC3AAB83-85EF-4044-9E78-5E26F5AAD6DF}.Release|Any CPU.ActiveCfg = Release|Any CPU
		{EC3AAB83-85EF-4044-9E78-5E26F5AAD6DF}.Release|Any CPU.Build.0 = Release|Any CPU
		{47D7A66F-FF6B-45EB-83B7-0A749ED1240F}.Debug|Any CPU.ActiveCfg = Debug|Any CPU
		{47D7A66F-FF6B-45EB-83B7-0A749ED1240F}.Debug|Any CPU.Build.0 = Debug|Any CPU
		{47D7A66F-FF6B-45EB-83B7-0A749ED1240F}.Release|Any CPU.ActiveCfg = Release|Any CPU
		{47D7A66F-FF6B-45EB-83B7-0A749ED1240F}.Release|Any CPU.Build.0 = Release|Any CPU
		{10D092BF-BB5E-44E4-9896-C1C5E8EDD9A5}.Debug|Any CPU.ActiveCfg = Debug|Any CPU
		{10D092BF-BB5E-44E4-9896-C1C5E8EDD9A5}.Debug|Any CPU.Build.0 = Debug|Any CPU
		{10D092BF-BB5E-44E4-9896-C1C5E8EDD9A5}.Release|Any CPU.ActiveCfg = Release|Any CPU
		{10D092BF-BB5E-44E4-9896-C1C5E8EDD9A5}.Release|Any CPU.Build.0 = Release|Any CPU
		{6DC616B3-817F-417C-A708-D315785E0A8D}.Debug|Any CPU.ActiveCfg = Debug|Any CPU
		{6DC616B3-817F-417C-A708-D315785E0A8D}.Debug|Any CPU.Build.0 = Debug|Any CPU
		{6DC616B3-817F-417C-A708-D315785E0A8D}.Release|Any CPU.ActiveCfg = Release|Any CPU
		{6DC616B3-817F-417C-A708-D315785E0A8D}.Release|Any CPU.Build.0 = Release|Any CPU
		{E72FA6F4-3F01-4D50-B0E1-5A6DFD249230}.Debug|Any CPU.ActiveCfg = Debug|Any CPU
		{E72FA6F4-3F01-4D50-B0E1-5A6DFD249230}.Debug|Any CPU.Build.0 = Debug|Any CPU
		{E72FA6F4-3F01-4D50-B0E1-5A6DFD249230}.Release|Any CPU.ActiveCfg = Release|Any CPU
		{E72FA6F4-3F01-4D50-B0E1-5A6DFD249230}.Release|Any CPU.Build.0 = Release|Any CPU
		{DF28C02D-61E1-42DB-8FD4-EDC517D5F0D4}.Debug|Any CPU.ActiveCfg = Debug|Any CPU
		{DF28C02D-61E1-42DB-8FD4-EDC517D5F0D4}.Debug|Any CPU.Build.0 = Debug|Any CPU
		{DF28C02D-61E1-42DB-8FD4-EDC517D5F0D4}.Release|Any CPU.ActiveCfg = Release|Any CPU
		{DF28C02D-61E1-42DB-8FD4-EDC517D5F0D4}.Release|Any CPU.Build.0 = Release|Any CPU
		{8EE071D6-9A1B-4276-8CA0-406335C675EF}.Debug|Any CPU.ActiveCfg = Debug|Any CPU
		{8EE071D6-9A1B-4276-8CA0-406335C675EF}.Debug|Any CPU.Build.0 = Debug|Any CPU
		{8EE071D6-9A1B-4276-8CA0-406335C675EF}.Release|Any CPU.ActiveCfg = Release|Any CPU
		{8EE071D6-9A1B-4276-8CA0-406335C675EF}.Release|Any CPU.Build.0 = Release|Any CPU
		{BF90BBF6-905D-4D52-9E2E-EBB9BCB7B928}.Debug|Any CPU.ActiveCfg = Debug|Any CPU
		{BF90BBF6-905D-4D52-9E2E-EBB9BCB7B928}.Debug|Any CPU.Build.0 = Debug|Any CPU
		{BF90BBF6-905D-4D52-9E2E-EBB9BCB7B928}.Release|Any CPU.ActiveCfg = Release|Any CPU
		{BF90BBF6-905D-4D52-9E2E-EBB9BCB7B928}.Release|Any CPU.Build.0 = Release|Any CPU
		{83E8D54D-82E2-40C9-B8BA-F49B254C99E7}.Debug|Any CPU.ActiveCfg = Debug|Any CPU
		{83E8D54D-82E2-40C9-B8BA-F49B254C99E7}.Debug|Any CPU.Build.0 = Debug|Any CPU
		{83E8D54D-82E2-40C9-B8BA-F49B254C99E7}.Release|Any CPU.ActiveCfg = Release|Any CPU
		{83E8D54D-82E2-40C9-B8BA-F49B254C99E7}.Release|Any CPU.Build.0 = Release|Any CPU
		{B25A9201-0F7F-49AB-B50E-FBBC9B8C6108}.Debug|Any CPU.ActiveCfg = Debug|Any CPU
		{B25A9201-0F7F-49AB-B50E-FBBC9B8C6108}.Debug|Any CPU.Build.0 = Debug|Any CPU
		{B25A9201-0F7F-49AB-B50E-FBBC9B8C6108}.Release|Any CPU.ActiveCfg = Release|Any CPU
		{B25A9201-0F7F-49AB-B50E-FBBC9B8C6108}.Release|Any CPU.Build.0 = Release|Any CPU
		{44E2CA01-47E6-4CF5-9C98-410FC10A3DDC}.Debug|Any CPU.ActiveCfg = Debug|Any CPU
		{44E2CA01-47E6-4CF5-9C98-410FC10A3DDC}.Debug|Any CPU.Build.0 = Debug|Any CPU
		{44E2CA01-47E6-4CF5-9C98-410FC10A3DDC}.Release|Any CPU.ActiveCfg = Release|Any CPU
		{44E2CA01-47E6-4CF5-9C98-410FC10A3DDC}.Release|Any CPU.Build.0 = Release|Any CPU
		{24059005-D7CB-4EE8-9743-CF37899AAE94}.Debug|Any CPU.ActiveCfg = Debug|Any CPU
		{24059005-D7CB-4EE8-9743-CF37899AAE94}.Debug|Any CPU.Build.0 = Debug|Any CPU
		{24059005-D7CB-4EE8-9743-CF37899AAE94}.Release|Any CPU.ActiveCfg = Release|Any CPU
		{24059005-D7CB-4EE8-9743-CF37899AAE94}.Release|Any CPU.Build.0 = Release|Any CPU
		{B4AB6291-44DD-490B-BC3D-15DA22AE4E61}.Debug|Any CPU.ActiveCfg = Debug|Any CPU
		{B4AB6291-44DD-490B-BC3D-15DA22AE4E61}.Debug|Any CPU.Build.0 = Debug|Any CPU
		{B4AB6291-44DD-490B-BC3D-15DA22AE4E61}.Release|Any CPU.ActiveCfg = Release|Any CPU
		{B4AB6291-44DD-490B-BC3D-15DA22AE4E61}.Release|Any CPU.Build.0 = Release|Any CPU
		{EDED67EE-35A1-4834-A500-FFA61C99A648}.Debug|Any CPU.ActiveCfg = Debug|Any CPU
		{EDED67EE-35A1-4834-A500-FFA61C99A648}.Debug|Any CPU.Build.0 = Debug|Any CPU
		{EDED67EE-35A1-4834-A500-FFA61C99A648}.Release|Any CPU.ActiveCfg = Release|Any CPU
		{EDED67EE-35A1-4834-A500-FFA61C99A648}.Release|Any CPU.Build.0 = Release|Any CPU
		{1403317C-6361-49BF-9DD4-01E9476C1CF9}.Debug|Any CPU.ActiveCfg = Debug|Any CPU
		{1403317C-6361-49BF-9DD4-01E9476C1CF9}.Debug|Any CPU.Build.0 = Debug|Any CPU
		{1403317C-6361-49BF-9DD4-01E9476C1CF9}.Release|Any CPU.ActiveCfg = Release|Any CPU
		{1403317C-6361-49BF-9DD4-01E9476C1CF9}.Release|Any CPU.Build.0 = Release|Any CPU
		{2F97DC26-575F-46EA-BC36-5B482354E9CD}.Debug|Any CPU.ActiveCfg = Debug|Any CPU
		{2F97DC26-575F-46EA-BC36-5B482354E9CD}.Debug|Any CPU.Build.0 = Debug|Any CPU
		{2F97DC26-575F-46EA-BC36-5B482354E9CD}.Release|Any CPU.ActiveCfg = Release|Any CPU
		{2F97DC26-575F-46EA-BC36-5B482354E9CD}.Release|Any CPU.Build.0 = Release|Any CPU
		{E3B7E605-E06E-4C53-8807-E5D9A05AD3C0}.Debug|Any CPU.ActiveCfg = Debug|Any CPU
		{E3B7E605-E06E-4C53-8807-E5D9A05AD3C0}.Debug|Any CPU.Build.0 = Debug|Any CPU
		{E3B7E605-E06E-4C53-8807-E5D9A05AD3C0}.Release|Any CPU.ActiveCfg = Release|Any CPU
		{E3B7E605-E06E-4C53-8807-E5D9A05AD3C0}.Release|Any CPU.Build.0 = Release|Any CPU
		{2A17EE15-CB57-4E93-AAC5-8E2FB13C21F6}.Debug|Any CPU.ActiveCfg = Debug|Any CPU
		{2A17EE15-CB57-4E93-AAC5-8E2FB13C21F6}.Debug|Any CPU.Build.0 = Debug|Any CPU
		{2A17EE15-CB57-4E93-AAC5-8E2FB13C21F6}.Release|Any CPU.ActiveCfg = Release|Any CPU
		{2A17EE15-CB57-4E93-AAC5-8E2FB13C21F6}.Release|Any CPU.Build.0 = Release|Any CPU
		{B66958C9-396B-4D39-9EE4-3B628B607036}.Debug|Any CPU.ActiveCfg = Debug|Any CPU
		{B66958C9-396B-4D39-9EE4-3B628B607036}.Debug|Any CPU.Build.0 = Debug|Any CPU
		{B66958C9-396B-4D39-9EE4-3B628B607036}.Release|Any CPU.ActiveCfg = Release|Any CPU
		{B66958C9-396B-4D39-9EE4-3B628B607036}.Release|Any CPU.Build.0 = Release|Any CPU
		{6664461F-12C2-49AA-90A8-055B371C2555}.Debug|Any CPU.ActiveCfg = Debug|Any CPU
		{6664461F-12C2-49AA-90A8-055B371C2555}.Debug|Any CPU.Build.0 = Debug|Any CPU
		{6664461F-12C2-49AA-90A8-055B371C2555}.Release|Any CPU.ActiveCfg = Release|Any CPU
		{6664461F-12C2-49AA-90A8-055B371C2555}.Release|Any CPU.Build.0 = Release|Any CPU
		{4A2E3436-B9C2-49CD-B03A-7B4C977F4723}.Debug|Any CPU.ActiveCfg = Debug|Any CPU
		{4A2E3436-B9C2-49CD-B03A-7B4C977F4723}.Debug|Any CPU.Build.0 = Debug|Any CPU
		{4A2E3436-B9C2-49CD-B03A-7B4C977F4723}.Release|Any CPU.ActiveCfg = Release|Any CPU
		{4A2E3436-B9C2-49CD-B03A-7B4C977F4723}.Release|Any CPU.Build.0 = Release|Any CPU
		{B56667FE-D16D-4C88-B113-6D75F3669715}.Debug|Any CPU.ActiveCfg = Debug|Any CPU
		{B56667FE-D16D-4C88-B113-6D75F3669715}.Debug|Any CPU.Build.0 = Debug|Any CPU
		{B56667FE-D16D-4C88-B113-6D75F3669715}.Release|Any CPU.ActiveCfg = Release|Any CPU
		{B56667FE-D16D-4C88-B113-6D75F3669715}.Release|Any CPU.Build.0 = Release|Any CPU
		{9F0C3D6E-EC92-465D-A2DE-F2C4E6A2C02D}.Debug|Any CPU.ActiveCfg = Debug|Any CPU
		{9F0C3D6E-EC92-465D-A2DE-F2C4E6A2C02D}.Debug|Any CPU.Build.0 = Debug|Any CPU
		{9F0C3D6E-EC92-465D-A2DE-F2C4E6A2C02D}.Release|Any CPU.ActiveCfg = Release|Any CPU
		{9F0C3D6E-EC92-465D-A2DE-F2C4E6A2C02D}.Release|Any CPU.Build.0 = Release|Any CPU
		{EA5B44E5-2693-48C5-88B3-F9D95DF06BD1}.Debug|Any CPU.ActiveCfg = Debug|Any CPU
		{EA5B44E5-2693-48C5-88B3-F9D95DF06BD1}.Debug|Any CPU.Build.0 = Debug|Any CPU
		{EA5B44E5-2693-48C5-88B3-F9D95DF06BD1}.Release|Any CPU.ActiveCfg = Release|Any CPU
		{EA5B44E5-2693-48C5-88B3-F9D95DF06BD1}.Release|Any CPU.Build.0 = Release|Any CPU
		{DD91ABA6-DBEA-4086-8D5D-9106CAD5EB2C}.Debug|Any CPU.ActiveCfg = Debug|Any CPU
		{DD91ABA6-DBEA-4086-8D5D-9106CAD5EB2C}.Debug|Any CPU.Build.0 = Debug|Any CPU
		{DD91ABA6-DBEA-4086-8D5D-9106CAD5EB2C}.Release|Any CPU.ActiveCfg = Release|Any CPU
		{DD91ABA6-DBEA-4086-8D5D-9106CAD5EB2C}.Release|Any CPU.Build.0 = Release|Any CPU
		{782DBCC6-7607-46B4-9D4C-B31522D6E3B9}.Debug|Any CPU.ActiveCfg = Debug|Any CPU
		{782DBCC6-7607-46B4-9D4C-B31522D6E3B9}.Debug|Any CPU.Build.0 = Debug|Any CPU
		{782DBCC6-7607-46B4-9D4C-B31522D6E3B9}.Release|Any CPU.ActiveCfg = Release|Any CPU
		{782DBCC6-7607-46B4-9D4C-B31522D6E3B9}.Release|Any CPU.Build.0 = Release|Any CPU
		{8343445B-2F8C-4356-A0A0-74457D222841}.Debug|Any CPU.ActiveCfg = Debug|Any CPU
		{8343445B-2F8C-4356-A0A0-74457D222841}.Debug|Any CPU.Build.0 = Debug|Any CPU
		{8343445B-2F8C-4356-A0A0-74457D222841}.Release|Any CPU.ActiveCfg = Release|Any CPU
		{8343445B-2F8C-4356-A0A0-74457D222841}.Release|Any CPU.Build.0 = Release|Any CPU
		{691EA1DE-B767-4353-950F-69D84F6CD13B}.Debug|Any CPU.ActiveCfg = Debug|Any CPU
		{691EA1DE-B767-4353-950F-69D84F6CD13B}.Debug|Any CPU.Build.0 = Debug|Any CPU
		{691EA1DE-B767-4353-950F-69D84F6CD13B}.Release|Any CPU.ActiveCfg = Release|Any CPU
		{691EA1DE-B767-4353-950F-69D84F6CD13B}.Release|Any CPU.Build.0 = Release|Any CPU
		{B34E74A0-3A17-4402-930C-9C4F9AE0CCB3}.Debug|Any CPU.ActiveCfg = Debug|Any CPU
		{B34E74A0-3A17-4402-930C-9C4F9AE0CCB3}.Debug|Any CPU.Build.0 = Debug|Any CPU
		{B34E74A0-3A17-4402-930C-9C4F9AE0CCB3}.Release|Any CPU.ActiveCfg = Release|Any CPU
		{B34E74A0-3A17-4402-930C-9C4F9AE0CCB3}.Release|Any CPU.Build.0 = Release|Any CPU
		{E615B2A8-75F4-40C8-B2A1-40ED7117F812}.Debug|Any CPU.ActiveCfg = Debug|Any CPU
		{E615B2A8-75F4-40C8-B2A1-40ED7117F812}.Debug|Any CPU.Build.0 = Debug|Any CPU
		{E615B2A8-75F4-40C8-B2A1-40ED7117F812}.Release|Any CPU.ActiveCfg = Release|Any CPU
		{E615B2A8-75F4-40C8-B2A1-40ED7117F812}.Release|Any CPU.Build.0 = Release|Any CPU
		{28200DDC-FF04-4038-ABC6-87E93E07F3B5}.Debug|Any CPU.ActiveCfg = Debug|Any CPU
		{28200DDC-FF04-4038-ABC6-87E93E07F3B5}.Debug|Any CPU.Build.0 = Debug|Any CPU
		{28200DDC-FF04-4038-ABC6-87E93E07F3B5}.Release|Any CPU.ActiveCfg = Release|Any CPU
		{28200DDC-FF04-4038-ABC6-87E93E07F3B5}.Release|Any CPU.Build.0 = Release|Any CPU
		{106A8734-6142-4812-B9BE-EEC265343D52}.Debug|Any CPU.ActiveCfg = Debug|Any CPU
		{106A8734-6142-4812-B9BE-EEC265343D52}.Debug|Any CPU.Build.0 = Debug|Any CPU
		{106A8734-6142-4812-B9BE-EEC265343D52}.Release|Any CPU.ActiveCfg = Release|Any CPU
		{106A8734-6142-4812-B9BE-EEC265343D52}.Release|Any CPU.Build.0 = Release|Any CPU
		{350EFB69-7FFC-42DC-87E4-2906E78DA69A}.Debug|Any CPU.ActiveCfg = Debug|Any CPU
		{350EFB69-7FFC-42DC-87E4-2906E78DA69A}.Debug|Any CPU.Build.0 = Debug|Any CPU
		{350EFB69-7FFC-42DC-87E4-2906E78DA69A}.Release|Any CPU.ActiveCfg = Release|Any CPU
		{350EFB69-7FFC-42DC-87E4-2906E78DA69A}.Release|Any CPU.Build.0 = Release|Any CPU
		{5EC2390C-7004-4BAF-9817-38A7B66AA970}.Debug|Any CPU.ActiveCfg = Debug|Any CPU
		{5EC2390C-7004-4BAF-9817-38A7B66AA970}.Debug|Any CPU.Build.0 = Debug|Any CPU
		{5EC2390C-7004-4BAF-9817-38A7B66AA970}.Release|Any CPU.ActiveCfg = Release|Any CPU
		{5EC2390C-7004-4BAF-9817-38A7B66AA970}.Release|Any CPU.Build.0 = Release|Any CPU
		{05D98254-DA92-45E8-8641-7050DEA532B8}.Debug|Any CPU.ActiveCfg = Debug|Any CPU
		{05D98254-DA92-45E8-8641-7050DEA532B8}.Debug|Any CPU.Build.0 = Debug|Any CPU
		{05D98254-DA92-45E8-8641-7050DEA532B8}.Release|Any CPU.ActiveCfg = Release|Any CPU
		{05D98254-DA92-45E8-8641-7050DEA532B8}.Release|Any CPU.Build.0 = Release|Any CPU
	EndGlobalSection
	GlobalSection(SolutionProperties) = preSolution
		HideSolutionNode = FALSE
	EndGlobalSection
	GlobalSection(ExtensibilityGlobals) = postSolution
		SolutionGuid = {01FC8CE8-A618-443F-B281-106D5971C865}
	EndGlobalSection
EndGlobal
