
Microsoft Visual Studio Solution File, Format Version 12.00
# Visual Studio Version 17
VisualStudioVersion = 17.2.32630.192
MinimumVisualStudioVersion = 10.0.40219.1
Project("{9A19103F-16F7-4668-BE54-9A1E7A4F7556}") = "R5T.O0024.Construction", "R5T.O0024.Construction\R5T.O0024.Construction.csproj", "{471E5660-C32C-4654-A6E0-F3A8061BC9CD}"
EndProject
Project("{9A19103F-16F7-4668-BE54-9A1E7A4F7556}") = "R5T.O0024", "R5T.O0024\R5T.O0024.csproj", "{E424D866-EDE0-4E57-93D2-457381451F4D}"
EndProject
Project("{2150E333-8FDC-42A3-9474-1A3956D46DE8}") = "_Dependencies", "_Dependencies", "{2D185743-6C86-4F7E-8C61-27FD1A52995B}"
EndProject
Project("{9A19103F-16F7-4668-BE54-9A1E7A4F7556}") = "R5T.NG0019", "..\..\R5T.NG0019\source\R5T.NG0019\R5T.NG0019.csproj", "{FFF306C3-A6F3-4195-B22A-316E94A34663}"
EndProject
Project("{9A19103F-16F7-4668-BE54-9A1E7A4F7556}") = "R5T.F0000", "..\..\R5T.F0000\source\R5T.F0000\R5T.F0000.csproj", "{ED96DA82-7CE4-4881-8678-CB5AEB089414}"
EndProject
Project("{9A19103F-16F7-4668-BE54-9A1E7A4F7556}") = "R5T.F0002", "..\..\R5T.F0002\source\R5T.F0002\R5T.F0002.csproj", "{F69A9143-037B-4264-B2FA-BFF01731155F}"
EndProject
Project("{9A19103F-16F7-4668-BE54-9A1E7A4F7556}") = "R5T.F0120", "..\..\R5T.F0120\source\R5T.F0120\R5T.F0120.csproj", "{8FE3A2CB-06C4-466A-B405-C88B31A13346}"
EndProject
Project("{9A19103F-16F7-4668-BE54-9A1E7A4F7556}") = "R5T.F0124", "..\..\R5T.F0124\source\R5T.F0124\R5T.F0124.csproj", "{5E159A35-C447-4D6C-83EE-922483038BF2}"
EndProject
Project("{9A19103F-16F7-4668-BE54-9A1E7A4F7556}") = "R5T.L0030.T000", "..\..\R5T.L0030\source\R5T.L0030.T000\R5T.L0030.T000.csproj", "{185D60DB-5437-41AE-B1FE-0F231E9AEEB8}"
EndProject
Project("{9A19103F-16F7-4668-BE54-9A1E7A4F7556}") = "R5T.L0030", "..\..\R5T.L0030\source\R5T.L0030\R5T.L0030.csproj", "{D2C151A9-89EE-4337-B85A-FB5FFACB5ACA}"
EndProject
Project("{9A19103F-16F7-4668-BE54-9A1E7A4F7556}") = "R5T.L0034", "..\..\R5T.L0034\source\R5T.L0034\R5T.L0034.csproj", "{EE09D376-E27C-4B5B-8036-3698C3A0E04C}"
EndProject
Project("{9A19103F-16F7-4668-BE54-9A1E7A4F7556}") = "R5T.NG0022", "..\..\R5T.NG0022\source\R5T.NG0022\R5T.NG0022.csproj", "{D0B42AA7-DCCD-47B3-A0B4-3F30ADEB3E7E}"
EndProject
Project("{9A19103F-16F7-4668-BE54-9A1E7A4F7556}") = "R5T.T0131", "..\..\R5T.T0131\source\R5T.T0131\R5T.T0131.csproj", "{8FB7FDB9-91F6-4ACE-98EE-D2FB1FAFCB1C}"
EndProject
Project("{9A19103F-16F7-4668-BE54-9A1E7A4F7556}") = "R5T.T0132", "..\..\R5T.T0132\source\R5T.T0132\R5T.T0132.csproj", "{4D774E36-D021-410F-B35E-2AAC9CE43A97}"
EndProject
Project("{9A19103F-16F7-4668-BE54-9A1E7A4F7556}") = "R5T.T0142", "..\..\R5T.T0142\source\R5T.T0142\R5T.T0142.csproj", "{98A11AE2-59C8-4809-B0CC-0111D026363B}"
EndProject
Project("{9A19103F-16F7-4668-BE54-9A1E7A4F7556}") = "R5T.T0143", "..\..\R5T.T0143\source\R5T.T0143\R5T.T0143.csproj", "{2E0C9185-23B9-4386-B6A0-CC43D8A69728}"
EndProject
Project("{9A19103F-16F7-4668-BE54-9A1E7A4F7556}") = "R5T.T0156", "..\..\R5T.T0156\source\R5T.T0156\R5T.T0156.csproj", "{1523DC97-B394-4DB8-AA7B-BCE60B88A236}"
EndProject
Project("{9A19103F-16F7-4668-BE54-9A1E7A4F7556}") = "R5T.T0174", "..\..\R5T.T0174\source\R5T.T0174\R5T.T0174.csproj", "{5D369813-89C5-41E7-9AFE-221B1E5B5349}"
EndProject
Project("{9A19103F-16F7-4668-BE54-9A1E7A4F7556}") = "R5T.T0176", "..\..\R5T.T0176\source\R5T.T0176\R5T.T0176.csproj", "{D35F2CBB-679F-4E81-BB5C-602C68EE0C23}"
EndProject
Project("{9A19103F-16F7-4668-BE54-9A1E7A4F7556}") = "R5T.T0177", "..\..\R5T.T0177\source\R5T.T0177\R5T.T0177.csproj", "{81AD7AFE-6954-4C55-BF71-D3987543E48C}"
EndProject
Project("{9A19103F-16F7-4668-BE54-9A1E7A4F7556}") = "R5T.T0178", "..\..\R5T.T0178\source\R5T.T0178\R5T.T0178.csproj", "{00917E18-F55D-489F-891B-83F00F5276B7}"
EndProject
Project("{9A19103F-16F7-4668-BE54-9A1E7A4F7556}") = "R5T.T0179", "..\..\R5T.T0179\source\R5T.T0179\R5T.T0179.csproj", "{DDD94779-2373-4979-AD09-6A5118AFDA00}"
EndProject
Project("{9A19103F-16F7-4668-BE54-9A1E7A4F7556}") = "R5T.T0180", "..\..\R5T.T0180\source\R5T.T0180\R5T.T0180.csproj", "{C9B7E394-CA6F-4328-BF2D-C73B5F568043}"
EndProject
Project("{9A19103F-16F7-4668-BE54-9A1E7A4F7556}") = "R5T.T0181", "..\..\R5T.T0181\source\R5T.T0181\R5T.T0181.csproj", "{DC743106-91BB-4DB5-9E9A-355E6E663D2B}"
EndProject
Project("{9A19103F-16F7-4668-BE54-9A1E7A4F7556}") = "R5T.T0185", "..\..\R5T.T0185\source\R5T.T0185\R5T.T0185.csproj", "{EC3AAB83-85EF-4044-9E78-5E26F5AAD6DF}"
EndProject
Project("{9A19103F-16F7-4668-BE54-9A1E7A4F7556}") = "R5T.T0203", "..\..\R5T.T0203\source\R5T.T0203\R5T.T0203.csproj", "{47D7A66F-FF6B-45EB-83B7-0A749ED1240F}"
EndProject
Project("{9A19103F-16F7-4668-BE54-9A1E7A4F7556}") = "R5T.Y0000", "..\..\R5T.Y0000\source\R5T.Y0000\R5T.Y0000.csproj", "{10D092BF-BB5E-44E4-9896-C1C5E8EDD9A5}"
EndProject
Project("{9A19103F-16F7-4668-BE54-9A1E7A4F7556}") = "R5T.Z0000", "..\..\R5T.Z0000\source\R5T.Z0000\R5T.Z0000.csproj", "{6DC616B3-817F-417C-A708-D315785E0A8D}"
EndProject
Project("{9A19103F-16F7-4668-BE54-9A1E7A4F7556}") = "R5T.F0125", "..\..\R5T.F0125\source\R5T.F0125\R5T.F0125.csproj", "{E72FA6F4-3F01-4D50-B0E1-5A6DFD249230}"
EndProject
Project("{9A19103F-16F7-4668-BE54-9A1E7A4F7556}") = "R5T.L0035", "..\..\R5T.L0035\source\R5T.L0035\R5T.L0035.csproj", "{DF28C02D-61E1-42DB-8FD4-EDC517D5F0D4}"
EndProject
Project("{9A19103F-16F7-4668-BE54-9A1E7A4F7556}") = "R5T.L0048.F000", "..\..\R5T.L0048\source\R5T.L0048.F000\R5T.L0048.F000.csproj", "{8EE071D6-9A1B-4276-8CA0-406335C675EF}"
EndProject
Project("{9A19103F-16F7-4668-BE54-9A1E7A4F7556}") = "R5T.L0048", "..\..\R5T.L0048\source\R5T.L0048\R5T.L0048.csproj", "{BF90BBF6-905D-4D52-9E2E-EBB9BCB7B928}"
EndProject
Global
	GlobalSection(NestedProjects) = preSolution
		{FFF306C3-A6F3-4195-B22A-316E94A34663} = {2D185743-6C86-4F7E-8C61-27FD1A52995B}
		{ED96DA82-7CE4-4881-8678-CB5AEB089414} = {2D185743-6C86-4F7E-8C61-27FD1A52995B}
		{F69A9143-037B-4264-B2FA-BFF01731155F} = {2D185743-6C86-4F7E-8C61-27FD1A52995B}
		{8FE3A2CB-06C4-466A-B405-C88B31A13346} = {2D185743-6C86-4F7E-8C61-27FD1A52995B}
		{5E159A35-C447-4D6C-83EE-922483038BF2} = {2D185743-6C86-4F7E-8C61-27FD1A52995B}
		{185D60DB-5437-41AE-B1FE-0F231E9AEEB8} = {2D185743-6C86-4F7E-8C61-27FD1A52995B}
		{D2C151A9-89EE-4337-B85A-FB5FFACB5ACA} = {2D185743-6C86-4F7E-8C61-27FD1A52995B}
		{EE09D376-E27C-4B5B-8036-3698C3A0E04C} = {2D185743-6C86-4F7E-8C61-27FD1A52995B}
		{D0B42AA7-DCCD-47B3-A0B4-3F30ADEB3E7E} = {2D185743-6C86-4F7E-8C61-27FD1A52995B}
		{8FB7FDB9-91F6-4ACE-98EE-D2FB1FAFCB1C} = {2D185743-6C86-4F7E-8C61-27FD1A52995B}
		{4D774E36-D021-410F-B35E-2AAC9CE43A97} = {2D185743-6C86-4F7E-8C61-27FD1A52995B}
		{98A11AE2-59C8-4809-B0CC-0111D026363B} = {2D185743-6C86-4F7E-8C61-27FD1A52995B}
		{2E0C9185-23B9-4386-B6A0-CC43D8A69728} = {2D185743-6C86-4F7E-8C61-27FD1A52995B}
		{1523DC97-B394-4DB8-AA7B-BCE60B88A236} = {2D185743-6C86-4F7E-8C61-27FD1A52995B}
		{5D369813-89C5-41E7-9AFE-221B1E5B5349} = {2D185743-6C86-4F7E-8C61-27FD1A52995B}
		{D35F2CBB-679F-4E81-BB5C-602C68EE0C23} = {2D185743-6C86-4F7E-8C61-27FD1A52995B}
		{81AD7AFE-6954-4C55-BF71-D3987543E48C} = {2D185743-6C86-4F7E-8C61-27FD1A52995B}
		{00917E18-F55D-489F-891B-83F00F5276B7} = {2D185743-6C86-4F7E-8C61-27FD1A52995B}
		{DDD94779-2373-4979-AD09-6A5118AFDA00} = {2D185743-6C86-4F7E-8C61-27FD1A52995B}
		{C9B7E394-CA6F-4328-BF2D-C73B5F568043} = {2D185743-6C86-4F7E-8C61-27FD1A52995B}
		{DC743106-91BB-4DB5-9E9A-355E6E663D2B} = {2D185743-6C86-4F7E-8C61-27FD1A52995B}
		{EC3AAB83-85EF-4044-9E78-5E26F5AAD6DF} = {2D185743-6C86-4F7E-8C61-27FD1A52995B}
		{47D7A66F-FF6B-45EB-83B7-0A749ED1240F} = {2D185743-6C86-4F7E-8C61-27FD1A52995B}
		{10D092BF-BB5E-44E4-9896-C1C5E8EDD9A5} = {2D185743-6C86-4F7E-8C61-27FD1A52995B}
		{6DC616B3-817F-417C-A708-D315785E0A8D} = {2D185743-6C86-4F7E-8C61-27FD1A52995B}
		{E72FA6F4-3F01-4D50-B0E1-5A6DFD249230} = {2D185743-6C86-4F7E-8C61-27FD1A52995B}
		{DF28C02D-61E1-42DB-8FD4-EDC517D5F0D4} = {2D185743-6C86-4F7E-8C61-27FD1A52995B}
		{8EE071D6-9A1B-4276-8CA0-406335C675EF} = {2D185743-6C86-4F7E-8C61-27FD1A52995B}
		{BF90BBF6-905D-4D52-9E2E-EBB9BCB7B928} = {2D185743-6C86-4F7E-8C61-27FD1A52995B}
	EndGlobalSection
	GlobalSection(SolutionConfigurationPlatforms) = preSolution
		Debug|Any CPU = Debug|Any CPU
		Release|Any CPU = Release|Any CPU
	EndGlobalSection
	GlobalSection(ProjectConfigurationPlatforms) = postSolution
		{471E5660-C32C-4654-A6E0-F3A8061BC9CD}.Debug|Any CPU.ActiveCfg = Debug|Any CPU
		{471E5660-C32C-4654-A6E0-F3A8061BC9CD}.Debug|Any CPU.Build.0 = Debug|Any CPU
		{471E5660-C32C-4654-A6E0-F3A8061BC9CD}.Release|Any CPU.ActiveCfg = Release|Any CPU
		{471E5660-C32C-4654-A6E0-F3A8061BC9CD}.Release|Any CPU.Build.0 = Release|Any CPU
		{E424D866-EDE0-4E57-93D2-457381451F4D}.Debug|Any CPU.ActiveCfg = Debug|Any CPU
		{E424D866-EDE0-4E57-93D2-457381451F4D}.Debug|Any CPU.Build.0 = Debug|Any CPU
		{E424D866-EDE0-4E57-93D2-457381451F4D}.Release|Any CPU.ActiveCfg = Release|Any CPU
		{E424D866-EDE0-4E57-93D2-457381451F4D}.Release|Any CPU.Build.0 = Release|Any CPU
		{FFF306C3-A6F3-4195-B22A-316E94A34663}.Debug|Any CPU.ActiveCfg = Debug|Any CPU
		{FFF306C3-A6F3-4195-B22A-316E94A34663}.Debug|Any CPU.Build.0 = Debug|Any CPU
		{FFF306C3-A6F3-4195-B22A-316E94A34663}.Release|Any CPU.ActiveCfg = Release|Any CPU
		{FFF306C3-A6F3-4195-B22A-316E94A34663}.Release|Any CPU.Build.0 = Release|Any CPU
		{ED96DA82-7CE4-4881-8678-CB5AEB089414}.Debug|Any CPU.ActiveCfg = Debug|Any CPU
		{ED96DA82-7CE4-4881-8678-CB5AEB089414}.Debug|Any CPU.Build.0 = Debug|Any CPU
		{ED96DA82-7CE4-4881-8678-CB5AEB089414}.Release|Any CPU.ActiveCfg = Release|Any CPU
		{ED96DA82-7CE4-4881-8678-CB5AEB089414}.Release|Any CPU.Build.0 = Release|Any CPU
		{F69A9143-037B-4264-B2FA-BFF01731155F}.Debug|Any CPU.ActiveCfg = Debug|Any CPU
		{F69A9143-037B-4264-B2FA-BFF01731155F}.Debug|Any CPU.Build.0 = Debug|Any CPU
		{F69A9143-037B-4264-B2FA-BFF01731155F}.Release|Any CPU.ActiveCfg = Release|Any CPU
		{F69A9143-037B-4264-B2FA-BFF01731155F}.Release|Any CPU.Build.0 = Release|Any CPU
		{8FE3A2CB-06C4-466A-B405-C88B31A13346}.Debug|Any CPU.ActiveCfg = Debug|Any CPU
		{8FE3A2CB-06C4-466A-B405-C88B31A13346}.Debug|Any CPU.Build.0 = Debug|Any CPU
		{8FE3A2CB-06C4-466A-B405-C88B31A13346}.Release|Any CPU.ActiveCfg = Release|Any CPU
		{8FE3A2CB-06C4-466A-B405-C88B31A13346}.Release|Any CPU.Build.0 = Release|Any CPU
		{5E159A35-C447-4D6C-83EE-922483038BF2}.Debug|Any CPU.ActiveCfg = Debug|Any CPU
		{5E159A35-C447-4D6C-83EE-922483038BF2}.Debug|Any CPU.Build.0 = Debug|Any CPU
		{5E159A35-C447-4D6C-83EE-922483038BF2}.Release|Any CPU.ActiveCfg = Release|Any CPU
		{5E159A35-C447-4D6C-83EE-922483038BF2}.Release|Any CPU.Build.0 = Release|Any CPU
		{185D60DB-5437-41AE-B1FE-0F231E9AEEB8}.Debug|Any CPU.ActiveCfg = Debug|Any CPU
		{185D60DB-5437-41AE-B1FE-0F231E9AEEB8}.Debug|Any CPU.Build.0 = Debug|Any CPU
		{185D60DB-5437-41AE-B1FE-0F231E9AEEB8}.Release|Any CPU.ActiveCfg = Release|Any CPU
		{185D60DB-5437-41AE-B1FE-0F231E9AEEB8}.Release|Any CPU.Build.0 = Release|Any CPU
		{D2C151A9-89EE-4337-B85A-FB5FFACB5ACA}.Debug|Any CPU.ActiveCfg = Debug|Any CPU
		{D2C151A9-89EE-4337-B85A-FB5FFACB5ACA}.Debug|Any CPU.Build.0 = Debug|Any CPU
		{D2C151A9-89EE-4337-B85A-FB5FFACB5ACA}.Release|Any CPU.ActiveCfg = Release|Any CPU
		{D2C151A9-89EE-4337-B85A-FB5FFACB5ACA}.Release|Any CPU.Build.0 = Release|Any CPU
		{EE09D376-E27C-4B5B-8036-3698C3A0E04C}.Debug|Any CPU.ActiveCfg = Debug|Any CPU
		{EE09D376-E27C-4B5B-8036-3698C3A0E04C}.Debug|Any CPU.Build.0 = Debug|Any CPU
		{EE09D376-E27C-4B5B-8036-3698C3A0E04C}.Release|Any CPU.ActiveCfg = Release|Any CPU
		{EE09D376-E27C-4B5B-8036-3698C3A0E04C}.Release|Any CPU.Build.0 = Release|Any CPU
		{D0B42AA7-DCCD-47B3-A0B4-3F30ADEB3E7E}.Debug|Any CPU.ActiveCfg = Debug|Any CPU
		{D0B42AA7-DCCD-47B3-A0B4-3F30ADEB3E7E}.Debug|Any CPU.Build.0 = Debug|Any CPU
		{D0B42AA7-DCCD-47B3-A0B4-3F30ADEB3E7E}.Release|Any CPU.ActiveCfg = Release|Any CPU
		{D0B42AA7-DCCD-47B3-A0B4-3F30ADEB3E7E}.Release|Any CPU.Build.0 = Release|Any CPU
		{8FB7FDB9-91F6-4ACE-98EE-D2FB1FAFCB1C}.Debug|Any CPU.ActiveCfg = Debug|Any CPU
		{8FB7FDB9-91F6-4ACE-98EE-D2FB1FAFCB1C}.Debug|Any CPU.Build.0 = Debug|Any CPU
		{8FB7FDB9-91F6-4ACE-98EE-D2FB1FAFCB1C}.Release|Any CPU.ActiveCfg = Release|Any CPU
		{8FB7FDB9-91F6-4ACE-98EE-D2FB1FAFCB1C}.Release|Any CPU.Build.0 = Release|Any CPU
		{4D774E36-D021-410F-B35E-2AAC9CE43A97}.Debug|Any CPU.ActiveCfg = Debug|Any CPU
		{4D774E36-D021-410F-B35E-2AAC9CE43A97}.Debug|Any CPU.Build.0 = Debug|Any CPU
		{4D774E36-D021-410F-B35E-2AAC9CE43A97}.Release|Any CPU.ActiveCfg = Release|Any CPU
		{4D774E36-D021-410F-B35E-2AAC9CE43A97}.Release|Any CPU.Build.0 = Release|Any CPU
		{98A11AE2-59C8-4809-B0CC-0111D026363B}.Debug|Any CPU.ActiveCfg = Debug|Any CPU
		{98A11AE2-59C8-4809-B0CC-0111D026363B}.Debug|Any CPU.Build.0 = Debug|Any CPU
		{98A11AE2-59C8-4809-B0CC-0111D026363B}.Release|Any CPU.ActiveCfg = Release|Any CPU
		{98A11AE2-59C8-4809-B0CC-0111D026363B}.Release|Any CPU.Build.0 = Release|Any CPU
		{2E0C9185-23B9-4386-B6A0-CC43D8A69728}.Debug|Any CPU.ActiveCfg = Debug|Any CPU
		{2E0C9185-23B9-4386-B6A0-CC43D8A69728}.Debug|Any CPU.Build.0 = Debug|Any CPU
		{2E0C9185-23B9-4386-B6A0-CC43D8A69728}.Release|Any CPU.ActiveCfg = Release|Any CPU
		{2E0C9185-23B9-4386-B6A0-CC43D8A69728}.Release|Any CPU.Build.0 = Release|Any CPU
		{1523DC97-B394-4DB8-AA7B-BCE60B88A236}.Debug|Any CPU.ActiveCfg = Debug|Any CPU
		{1523DC97-B394-4DB8-AA7B-BCE60B88A236}.Debug|Any CPU.Build.0 = Debug|Any CPU
		{1523DC97-B394-4DB8-AA7B-BCE60B88A236}.Release|Any CPU.ActiveCfg = Release|Any CPU
		{1523DC97-B394-4DB8-AA7B-BCE60B88A236}.Release|Any CPU.Build.0 = Release|Any CPU
		{5D369813-89C5-41E7-9AFE-221B1E5B5349}.Debug|Any CPU.ActiveCfg = Debug|Any CPU
		{5D369813-89C5-41E7-9AFE-221B1E5B5349}.Debug|Any CPU.Build.0 = Debug|Any CPU
		{5D369813-89C5-41E7-9AFE-221B1E5B5349}.Release|Any CPU.ActiveCfg = Release|Any CPU
		{5D369813-89C5-41E7-9AFE-221B1E5B5349}.Release|Any CPU.Build.0 = Release|Any CPU
		{D35F2CBB-679F-4E81-BB5C-602C68EE0C23}.Debug|Any CPU.ActiveCfg = Debug|Any CPU
		{D35F2CBB-679F-4E81-BB5C-602C68EE0C23}.Debug|Any CPU.Build.0 = Debug|Any CPU
		{D35F2CBB-679F-4E81-BB5C-602C68EE0C23}.Release|Any CPU.ActiveCfg = Release|Any CPU
		{D35F2CBB-679F-4E81-BB5C-602C68EE0C23}.Release|Any CPU.Build.0 = Release|Any CPU
		{81AD7AFE-6954-4C55-BF71-D3987543E48C}.Debug|Any CPU.ActiveCfg = Debug|Any CPU
		{81AD7AFE-6954-4C55-BF71-D3987543E48C}.Debug|Any CPU.Build.0 = Debug|Any CPU
		{81AD7AFE-6954-4C55-BF71-D3987543E48C}.Release|Any CPU.ActiveCfg = Release|Any CPU
		{81AD7AFE-6954-4C55-BF71-D3987543E48C}.Release|Any CPU.Build.0 = Release|Any CPU
		{00917E18-F55D-489F-891B-83F00F5276B7}.Debug|Any CPU.ActiveCfg = Debug|Any CPU
		{00917E18-F55D-489F-891B-83F00F5276B7}.Debug|Any CPU.Build.0 = Debug|Any CPU
		{00917E18-F55D-489F-891B-83F00F5276B7}.Release|Any CPU.ActiveCfg = Release|Any CPU
		{00917E18-F55D-489F-891B-83F00F5276B7}.Release|Any CPU.Build.0 = Release|Any CPU
		{DDD94779-2373-4979-AD09-6A5118AFDA00}.Debug|Any CPU.ActiveCfg = Debug|Any CPU
		{DDD94779-2373-4979-AD09-6A5118AFDA00}.Debug|Any CPU.Build.0 = Debug|Any CPU
		{DDD94779-2373-4979-AD09-6A5118AFDA00}.Release|Any CPU.ActiveCfg = Release|Any CPU
		{DDD94779-2373-4979-AD09-6A5118AFDA00}.Release|Any CPU.Build.0 = Release|Any CPU
		{C9B7E394-CA6F-4328-BF2D-C73B5F568043}.Debug|Any CPU.ActiveCfg = Debug|Any CPU
		{C9B7E394-CA6F-4328-BF2D-C73B5F568043}.Debug|Any CPU.Build.0 = Debug|Any CPU
		{C9B7E394-CA6F-4328-BF2D-C73B5F568043}.Release|Any CPU.ActiveCfg = Release|Any CPU
		{C9B7E394-CA6F-4328-BF2D-C73B5F568043}.Release|Any CPU.Build.0 = Release|Any CPU
		{DC743106-91BB-4DB5-9E9A-355E6E663D2B}.Debug|Any CPU.ActiveCfg = Debug|Any CPU
		{DC743106-91BB-4DB5-9E9A-355E6E663D2B}.Debug|Any CPU.Build.0 = Debug|Any CPU
		{DC743106-91BB-4DB5-9E9A-355E6E663D2B}.Release|Any CPU.ActiveCfg = Release|Any CPU
		{DC743106-91BB-4DB5-9E9A-355E6E663D2B}.Release|Any CPU.Build.0 = Release|Any CPU
		{EC3AAB83-85EF-4044-9E78-5E26F5AAD6DF}.Debug|Any CPU.ActiveCfg = Debug|Any CPU
		{EC3AAB83-85EF-4044-9E78-5E26F5AAD6DF}.Debug|Any CPU.Build.0 = Debug|Any CPU
		{EC3AAB83-85EF-4044-9E78-5E26F5AAD6DF}.Release|Any CPU.ActiveCfg = Release|Any CPU
		{EC3AAB83-85EF-4044-9E78-5E26F5AAD6DF}.Release|Any CPU.Build.0 = Release|Any CPU
		{47D7A66F-FF6B-45EB-83B7-0A749ED1240F}.Debug|Any CPU.ActiveCfg = Debug|Any CPU
		{47D7A66F-FF6B-45EB-83B7-0A749ED1240F}.Debug|Any CPU.Build.0 = Debug|Any CPU
		{47D7A66F-FF6B-45EB-83B7-0A749ED1240F}.Release|Any CPU.ActiveCfg = Release|Any CPU
		{47D7A66F-FF6B-45EB-83B7-0A749ED1240F}.Release|Any CPU.Build.0 = Release|Any CPU
		{10D092BF-BB5E-44E4-9896-C1C5E8EDD9A5}.Debug|Any CPU.ActiveCfg = Debug|Any CPU
		{10D092BF-BB5E-44E4-9896-C1C5E8EDD9A5}.Debug|Any CPU.Build.0 = Debug|Any CPU
		{10D092BF-BB5E-44E4-9896-C1C5E8EDD9A5}.Release|Any CPU.ActiveCfg = Release|Any CPU
		{10D092BF-BB5E-44E4-9896-C1C5E8EDD9A5}.Release|Any CPU.Build.0 = Release|Any CPU
		{6DC616B3-817F-417C-A708-D315785E0A8D}.Debug|Any CPU.ActiveCfg = Debug|Any CPU
		{6DC616B3-817F-417C-A708-D315785E0A8D}.Debug|Any CPU.Build.0 = Debug|Any CPU
		{6DC616B3-817F-417C-A708-D315785E0A8D}.Release|Any CPU.ActiveCfg = Release|Any CPU
		{6DC616B3-817F-417C-A708-D315785E0A8D}.Release|Any CPU.Build.0 = Release|Any CPU
		{E72FA6F4-3F01-4D50-B0E1-5A6DFD249230}.Debug|Any CPU.ActiveCfg = Debug|Any CPU
		{E72FA6F4-3F01-4D50-B0E1-5A6DFD249230}.Debug|Any CPU.Build.0 = Debug|Any CPU
		{E72FA6F4-3F01-4D50-B0E1-5A6DFD249230}.Release|Any CPU.ActiveCfg = Release|Any CPU
		{E72FA6F4-3F01-4D50-B0E1-5A6DFD249230}.Release|Any CPU.Build.0 = Release|Any CPU
		{DF28C02D-61E1-42DB-8FD4-EDC517D5F0D4}.Debug|Any CPU.ActiveCfg = Debug|Any CPU
		{DF28C02D-61E1-42DB-8FD4-EDC517D5F0D4}.Debug|Any CPU.Build.0 = Debug|Any CPU
		{DF28C02D-61E1-42DB-8FD4-EDC517D5F0D4}.Release|Any CPU.ActiveCfg = Release|Any CPU
		{DF28C02D-61E1-42DB-8FD4-EDC517D5F0D4}.Release|Any CPU.Build.0 = Release|Any CPU
		{8EE071D6-9A1B-4276-8CA0-406335C675EF}.Debug|Any CPU.ActiveCfg = Debug|Any CPU
		{8EE071D6-9A1B-4276-8CA0-406335C675EF}.Debug|Any CPU.Build.0 = Debug|Any CPU
		{8EE071D6-9A1B-4276-8CA0-406335C675EF}.Release|Any CPU.ActiveCfg = Release|Any CPU
		{8EE071D6-9A1B-4276-8CA0-406335C675EF}.Release|Any CPU.Build.0 = Release|Any CPU
		{BF90BBF6-905D-4D52-9E2E-EBB9BCB7B928}.Debug|Any CPU.ActiveCfg = Debug|Any CPU
		{BF90BBF6-905D-4D52-9E2E-EBB9BCB7B928}.Debug|Any CPU.Build.0 = Debug|Any CPU
		{BF90BBF6-905D-4D52-9E2E-EBB9BCB7B928}.Release|Any CPU.ActiveCfg = Release|Any CPU
		{BF90BBF6-905D-4D52-9E2E-EBB9BCB7B928}.Release|Any CPU.Build.0 = Release|Any CPU
	EndGlobalSection
	GlobalSection(SolutionProperties) = preSolution
		HideSolutionNode = FALSE
	EndGlobalSection
	GlobalSection(ExtensibilityGlobals) = postSolution
		SolutionGuid = {01FC8CE8-A618-443F-B281-106D5971C865}
	EndGlobalSection
EndGlobal
