
Microsoft Visual Studio Solution File, Format Version 12.00
# Visual Studio Version 17
VisualStudioVersion = 17.2.32630.192
MinimumVisualStudioVersion = 10.0.40219.1
Project("{9A19103F-16F7-4668-BE54-9A1E7A4F7556}") = "R5T.O0024", "R5T.O0024\R5T.O0024.csproj", "{D88CDDEE-03B1-400C-992F-CDCBD99F31E0}"
EndProject
Project("{2150E333-8FDC-42A3-9474-1A3956D46DE8}") = "_Dependencies", "_Dependencies", "{FA353199-EA2C-437F-925C-B3B8B063BCF9}"
EndProject
Project("{9A19103F-16F7-4668-BE54-9A1E7A4F7556}") = "R5T.NG0019", "..\..\R5T.NG0019\source\R5T.NG0019\R5T.NG0019.csproj", "{C5C9C968-3ABA-4E5C-AD6F-9A2768A1DD84}"
EndProject
Project("{9A19103F-16F7-4668-BE54-9A1E7A4F7556}") = "R5T.F0000", "..\..\R5T.F0000\source\R5T.F0000\R5T.F0000.csproj", "{F65DE109-DD6B-4333-96D8-386539EBD1A4}"
EndProject
Project("{9A19103F-16F7-4668-BE54-9A1E7A4F7556}") = "R5T.F0002", "..\..\R5T.F0002\source\R5T.F0002\R5T.F0002.csproj", "{4AAA4AC6-4584-4515-9EC4-2B3103DEDFCB}"
EndProject
Project("{9A19103F-16F7-4668-BE54-9A1E7A4F7556}") = "R5T.F0120", "..\..\R5T.F0120\source\R5T.F0120\R5T.F0120.csproj", "{F04018D3-6093-4A3C-BB18-4F3ADCC4B207}"
EndProject
Project("{9A19103F-16F7-4668-BE54-9A1E7A4F7556}") = "R5T.F0124", "..\..\R5T.F0124\source\R5T.F0124\R5T.F0124.csproj", "{C21F2EA9-86ED-485D-AD7C-BFD06F870A2A}"
EndProject
Project("{9A19103F-16F7-4668-BE54-9A1E7A4F7556}") = "R5T.L0030.T000", "..\..\R5T.L0030\source\R5T.L0030.T000\R5T.L0030.T000.csproj", "{502E385A-0EC4-43CB-BE78-1D1470716A12}"
EndProject
Project("{9A19103F-16F7-4668-BE54-9A1E7A4F7556}") = "R5T.L0030", "..\..\R5T.L0030\source\R5T.L0030\R5T.L0030.csproj", "{771EE44F-C5C1-40C4-9F04-7288F00B4311}"
EndProject
Project("{9A19103F-16F7-4668-BE54-9A1E7A4F7556}") = "R5T.L0034", "..\..\R5T.L0034\source\R5T.L0034\R5T.L0034.csproj", "{FD1A515B-6C8A-48AD-A9FC-ED080BC93163}"
EndProject
Project("{9A19103F-16F7-4668-BE54-9A1E7A4F7556}") = "R5T.NG0022", "..\..\R5T.NG0022\source\R5T.NG0022\R5T.NG0022.csproj", "{1B327A96-1EC2-4416-9A8E-FCBDFF651B26}"
EndProject
Project("{9A19103F-16F7-4668-BE54-9A1E7A4F7556}") = "R5T.T0131", "..\..\R5T.T0131\source\R5T.T0131\R5T.T0131.csproj", "{5FDB8D3E-402D-4143-B766-286F27C77C3C}"
EndProject
Project("{9A19103F-16F7-4668-BE54-9A1E7A4F7556}") = "R5T.T0132", "..\..\R5T.T0132\source\R5T.T0132\R5T.T0132.csproj", "{37904D3B-CD52-4171-8485-7427957365CD}"
EndProject
Project("{9A19103F-16F7-4668-BE54-9A1E7A4F7556}") = "R5T.T0142", "..\..\R5T.T0142\source\R5T.T0142\R5T.T0142.csproj", "{DB077956-156D-4E97-9E80-483DB2CB847A}"
EndProject
Project("{9A19103F-16F7-4668-BE54-9A1E7A4F7556}") = "R5T.T0143", "..\..\R5T.T0143\source\R5T.T0143\R5T.T0143.csproj", "{350E780B-B642-4B60-AFE2-E1A49C6C1AA7}"
EndProject
Project("{9A19103F-16F7-4668-BE54-9A1E7A4F7556}") = "R5T.T0156", "..\..\R5T.T0156\source\R5T.T0156\R5T.T0156.csproj", "{3245A5EF-3B4A-45F3-8397-597A00A82F74}"
EndProject
Project("{9A19103F-16F7-4668-BE54-9A1E7A4F7556}") = "R5T.T0174", "..\..\R5T.T0174\source\R5T.T0174\R5T.T0174.csproj", "{CD792746-9769-4074-B479-525D3F3BF391}"
EndProject
Project("{9A19103F-16F7-4668-BE54-9A1E7A4F7556}") = "R5T.T0176", "..\..\R5T.T0176\source\R5T.T0176\R5T.T0176.csproj", "{6FA1B318-AA05-4562-81DA-6089F3AAE558}"
EndProject
Project("{9A19103F-16F7-4668-BE54-9A1E7A4F7556}") = "R5T.T0177", "..\..\R5T.T0177\source\R5T.T0177\R5T.T0177.csproj", "{5F7C8787-FB4E-4887-B8D3-E394CC988160}"
EndProject
Project("{9A19103F-16F7-4668-BE54-9A1E7A4F7556}") = "R5T.T0178", "..\..\R5T.T0178\source\R5T.T0178\R5T.T0178.csproj", "{625C6D59-0479-49EB-B0E3-9C90A6ACE9AD}"
EndProject
Project("{9A19103F-16F7-4668-BE54-9A1E7A4F7556}") = "R5T.T0179", "..\..\R5T.T0179\source\R5T.T0179\R5T.T0179.csproj", "{3F57D66D-F25F-40E2-AB34-9E245F33E926}"
EndProject
Project("{9A19103F-16F7-4668-BE54-9A1E7A4F7556}") = "R5T.T0180", "..\..\R5T.T0180\source\R5T.T0180\R5T.T0180.csproj", "{1AFEE3D2-8FFD-426E-9BF2-D401B4A5D976}"
EndProject
Project("{9A19103F-16F7-4668-BE54-9A1E7A4F7556}") = "R5T.T0181", "..\..\R5T.T0181\source\R5T.T0181\R5T.T0181.csproj", "{43C0FB4E-296D-422C-849C-AC757EC770EA}"
EndProject
Project("{9A19103F-16F7-4668-BE54-9A1E7A4F7556}") = "R5T.T0185", "..\..\R5T.T0185\source\R5T.T0185\R5T.T0185.csproj", "{57C45A4B-2464-422D-9F26-D33A19B7BB7C}"
EndProject
Project("{9A19103F-16F7-4668-BE54-9A1E7A4F7556}") = "R5T.T0203", "..\..\R5T.T0203\source\R5T.T0203\R5T.T0203.csproj", "{C9A80B45-7AC9-41B6-A27A-2FF762B9866E}"
EndProject
Project("{9A19103F-16F7-4668-BE54-9A1E7A4F7556}") = "R5T.Y0000", "..\..\R5T.Y0000\source\R5T.Y0000\R5T.Y0000.csproj", "{B112FA85-2B11-4A90-A6CF-6E21AB73E753}"
EndProject
Project("{9A19103F-16F7-4668-BE54-9A1E7A4F7556}") = "R5T.Z0000", "..\..\R5T.Z0000\source\R5T.Z0000\R5T.Z0000.csproj", "{C61D202B-4B80-4703-8A30-F81A59D0DCE8}"
EndProject
Project("{9A19103F-16F7-4668-BE54-9A1E7A4F7556}") = "R5T.F0125", "..\..\R5T.F0125\source\R5T.F0125\R5T.F0125.csproj", "{FAFB7941-4BB4-41F2-9542-100D6177EE27}"
EndProject
Project("{9A19103F-16F7-4668-BE54-9A1E7A4F7556}") = "R5T.L0035", "..\..\R5T.L0035\source\R5T.L0035\R5T.L0035.csproj", "{B5539FF3-C06D-47EB-B2E1-CF41CE563EBA}"
EndProject
Project("{9A19103F-16F7-4668-BE54-9A1E7A4F7556}") = "R5T.L0048.F000", "..\..\R5T.L0048\source\R5T.L0048.F000\R5T.L0048.F000.csproj", "{6580B7EA-DCF3-40E2-88F0-70B9A5F81CAB}"
EndProject
Project("{9A19103F-16F7-4668-BE54-9A1E7A4F7556}") = "R5T.L0048", "..\..\R5T.L0048\source\R5T.L0048\R5T.L0048.csproj", "{2859CFE9-F905-4F0F-BB0E-246CC5ACBCBA}"
EndProject
Project("{9A19103F-16F7-4668-BE54-9A1E7A4F7556}") = "R5T.T0161", "..\..\R5T.T0161\source\R5T.T0161\R5T.T0161.csproj", "{32F6B8D4-6337-4C84-B07C-6BB6980FE592}"
EndProject
Global
	GlobalSection(NestedProjects) = preSolution
		{C5C9C968-3ABA-4E5C-AD6F-9A2768A1DD84} = {FA353199-EA2C-437F-925C-B3B8B063BCF9}
		{F65DE109-DD6B-4333-96D8-386539EBD1A4} = {FA353199-EA2C-437F-925C-B3B8B063BCF9}
		{4AAA4AC6-4584-4515-9EC4-2B3103DEDFCB} = {FA353199-EA2C-437F-925C-B3B8B063BCF9}
		{F04018D3-6093-4A3C-BB18-4F3ADCC4B207} = {FA353199-EA2C-437F-925C-B3B8B063BCF9}
		{C21F2EA9-86ED-485D-AD7C-BFD06F870A2A} = {FA353199-EA2C-437F-925C-B3B8B063BCF9}
		{502E385A-0EC4-43CB-BE78-1D1470716A12} = {FA353199-EA2C-437F-925C-B3B8B063BCF9}
		{771EE44F-C5C1-40C4-9F04-7288F00B4311} = {FA353199-EA2C-437F-925C-B3B8B063BCF9}
		{FD1A515B-6C8A-48AD-A9FC-ED080BC93163} = {FA353199-EA2C-437F-925C-B3B8B063BCF9}
		{1B327A96-1EC2-4416-9A8E-FCBDFF651B26} = {FA353199-EA2C-437F-925C-B3B8B063BCF9}
		{5FDB8D3E-402D-4143-B766-286F27C77C3C} = {FA353199-EA2C-437F-925C-B3B8B063BCF9}
		{37904D3B-CD52-4171-8485-7427957365CD} = {FA353199-EA2C-437F-925C-B3B8B063BCF9}
		{DB077956-156D-4E97-9E80-483DB2CB847A} = {FA353199-EA2C-437F-925C-B3B8B063BCF9}
		{350E780B-B642-4B60-AFE2-E1A49C6C1AA7} = {FA353199-EA2C-437F-925C-B3B8B063BCF9}
		{3245A5EF-3B4A-45F3-8397-597A00A82F74} = {FA353199-EA2C-437F-925C-B3B8B063BCF9}
		{CD792746-9769-4074-B479-525D3F3BF391} = {FA353199-EA2C-437F-925C-B3B8B063BCF9}
		{6FA1B318-AA05-4562-81DA-6089F3AAE558} = {FA353199-EA2C-437F-925C-B3B8B063BCF9}
		{5F7C8787-FB4E-4887-B8D3-E394CC988160} = {FA353199-EA2C-437F-925C-B3B8B063BCF9}
		{625C6D59-0479-49EB-B0E3-9C90A6ACE9AD} = {FA353199-EA2C-437F-925C-B3B8B063BCF9}
		{3F57D66D-F25F-40E2-AB34-9E245F33E926} = {FA353199-EA2C-437F-925C-B3B8B063BCF9}
		{1AFEE3D2-8FFD-426E-9BF2-D401B4A5D976} = {FA353199-EA2C-437F-925C-B3B8B063BCF9}
		{43C0FB4E-296D-422C-849C-AC757EC770EA} = {FA353199-EA2C-437F-925C-B3B8B063BCF9}
		{57C45A4B-2464-422D-9F26-D33A19B7BB7C} = {FA353199-EA2C-437F-925C-B3B8B063BCF9}
		{C9A80B45-7AC9-41B6-A27A-2FF762B9866E} = {FA353199-EA2C-437F-925C-B3B8B063BCF9}
		{B112FA85-2B11-4A90-A6CF-6E21AB73E753} = {FA353199-EA2C-437F-925C-B3B8B063BCF9}
		{C61D202B-4B80-4703-8A30-F81A59D0DCE8} = {FA353199-EA2C-437F-925C-B3B8B063BCF9}
		{FAFB7941-4BB4-41F2-9542-100D6177EE27} = {FA353199-EA2C-437F-925C-B3B8B063BCF9}
		{B5539FF3-C06D-47EB-B2E1-CF41CE563EBA} = {FA353199-EA2C-437F-925C-B3B8B063BCF9}
		{6580B7EA-DCF3-40E2-88F0-70B9A5F81CAB} = {FA353199-EA2C-437F-925C-B3B8B063BCF9}
		{2859CFE9-F905-4F0F-BB0E-246CC5ACBCBA} = {FA353199-EA2C-437F-925C-B3B8B063BCF9}
		{32F6B8D4-6337-4C84-B07C-6BB6980FE592} = {FA353199-EA2C-437F-925C-B3B8B063BCF9}
	EndGlobalSection
	GlobalSection(SolutionConfigurationPlatforms) = preSolution
		Debug|Any CPU = Debug|Any CPU
		Release|Any CPU = Release|Any CPU
	EndGlobalSection
	GlobalSection(ProjectConfigurationPlatforms) = postSolution
		{D88CDDEE-03B1-400C-992F-CDCBD99F31E0}.Debug|Any CPU.ActiveCfg = Debug|Any CPU
		{D88CDDEE-03B1-400C-992F-CDCBD99F31E0}.Debug|Any CPU.Build.0 = Debug|Any CPU
		{D88CDDEE-03B1-400C-992F-CDCBD99F31E0}.Release|Any CPU.ActiveCfg = Release|Any CPU
		{D88CDDEE-03B1-400C-992F-CDCBD99F31E0}.Release|Any CPU.Build.0 = Release|Any CPU
		{C5C9C968-3ABA-4E5C-AD6F-9A2768A1DD84}.Debug|Any CPU.ActiveCfg = Debug|Any CPU
		{C5C9C968-3ABA-4E5C-AD6F-9A2768A1DD84}.Debug|Any CPU.Build.0 = Debug|Any CPU
		{C5C9C968-3ABA-4E5C-AD6F-9A2768A1DD84}.Release|Any CPU.ActiveCfg = Release|Any CPU
		{C5C9C968-3ABA-4E5C-AD6F-9A2768A1DD84}.Release|Any CPU.Build.0 = Release|Any CPU
		{F65DE109-DD6B-4333-96D8-386539EBD1A4}.Debug|Any CPU.ActiveCfg = Debug|Any CPU
		{F65DE109-DD6B-4333-96D8-386539EBD1A4}.Debug|Any CPU.Build.0 = Debug|Any CPU
		{F65DE109-DD6B-4333-96D8-386539EBD1A4}.Release|Any CPU.ActiveCfg = Release|Any CPU
		{F65DE109-DD6B-4333-96D8-386539EBD1A4}.Release|Any CPU.Build.0 = Release|Any CPU
		{4AAA4AC6-4584-4515-9EC4-2B3103DEDFCB}.Debug|Any CPU.ActiveCfg = Debug|Any CPU
		{4AAA4AC6-4584-4515-9EC4-2B3103DEDFCB}.Debug|Any CPU.Build.0 = Debug|Any CPU
		{4AAA4AC6-4584-4515-9EC4-2B3103DEDFCB}.Release|Any CPU.ActiveCfg = Release|Any CPU
		{4AAA4AC6-4584-4515-9EC4-2B3103DEDFCB}.Release|Any CPU.Build.0 = Release|Any CPU
		{F04018D3-6093-4A3C-BB18-4F3ADCC4B207}.Debug|Any CPU.ActiveCfg = Debug|Any CPU
		{F04018D3-6093-4A3C-BB18-4F3ADCC4B207}.Debug|Any CPU.Build.0 = Debug|Any CPU
		{F04018D3-6093-4A3C-BB18-4F3ADCC4B207}.Release|Any CPU.ActiveCfg = Release|Any CPU
		{F04018D3-6093-4A3C-BB18-4F3ADCC4B207}.Release|Any CPU.Build.0 = Release|Any CPU
		{C21F2EA9-86ED-485D-AD7C-BFD06F870A2A}.Debug|Any CPU.ActiveCfg = Debug|Any CPU
		{C21F2EA9-86ED-485D-AD7C-BFD06F870A2A}.Debug|Any CPU.Build.0 = Debug|Any CPU
		{C21F2EA9-86ED-485D-AD7C-BFD06F870A2A}.Release|Any CPU.ActiveCfg = Release|Any CPU
		{C21F2EA9-86ED-485D-AD7C-BFD06F870A2A}.Release|Any CPU.Build.0 = Release|Any CPU
		{502E385A-0EC4-43CB-BE78-1D1470716A12}.Debug|Any CPU.ActiveCfg = Debug|Any CPU
		{502E385A-0EC4-43CB-BE78-1D1470716A12}.Debug|Any CPU.Build.0 = Debug|Any CPU
		{502E385A-0EC4-43CB-BE78-1D1470716A12}.Release|Any CPU.ActiveCfg = Release|Any CPU
		{502E385A-0EC4-43CB-BE78-1D1470716A12}.Release|Any CPU.Build.0 = Release|Any CPU
		{771EE44F-C5C1-40C4-9F04-7288F00B4311}.Debug|Any CPU.ActiveCfg = Debug|Any CPU
		{771EE44F-C5C1-40C4-9F04-7288F00B4311}.Debug|Any CPU.Build.0 = Debug|Any CPU
		{771EE44F-C5C1-40C4-9F04-7288F00B4311}.Release|Any CPU.ActiveCfg = Release|Any CPU
		{771EE44F-C5C1-40C4-9F04-7288F00B4311}.Release|Any CPU.Build.0 = Release|Any CPU
		{FD1A515B-6C8A-48AD-A9FC-ED080BC93163}.Debug|Any CPU.ActiveCfg = Debug|Any CPU
		{FD1A515B-6C8A-48AD-A9FC-ED080BC93163}.Debug|Any CPU.Build.0 = Debug|Any CPU
		{FD1A515B-6C8A-48AD-A9FC-ED080BC93163}.Release|Any CPU.ActiveCfg = Release|Any CPU
		{FD1A515B-6C8A-48AD-A9FC-ED080BC93163}.Release|Any CPU.Build.0 = Release|Any CPU
		{1B327A96-1EC2-4416-9A8E-FCBDFF651B26}.Debug|Any CPU.ActiveCfg = Debug|Any CPU
		{1B327A96-1EC2-4416-9A8E-FCBDFF651B26}.Debug|Any CPU.Build.0 = Debug|Any CPU
		{1B327A96-1EC2-4416-9A8E-FCBDFF651B26}.Release|Any CPU.ActiveCfg = Release|Any CPU
		{1B327A96-1EC2-4416-9A8E-FCBDFF651B26}.Release|Any CPU.Build.0 = Release|Any CPU
		{5FDB8D3E-402D-4143-B766-286F27C77C3C}.Debug|Any CPU.ActiveCfg = Debug|Any CPU
		{5FDB8D3E-402D-4143-B766-286F27C77C3C}.Debug|Any CPU.Build.0 = Debug|Any CPU
		{5FDB8D3E-402D-4143-B766-286F27C77C3C}.Release|Any CPU.ActiveCfg = Release|Any CPU
		{5FDB8D3E-402D-4143-B766-286F27C77C3C}.Release|Any CPU.Build.0 = Release|Any CPU
		{37904D3B-CD52-4171-8485-7427957365CD}.Debug|Any CPU.ActiveCfg = Debug|Any CPU
		{37904D3B-CD52-4171-8485-7427957365CD}.Debug|Any CPU.Build.0 = Debug|Any CPU
		{37904D3B-CD52-4171-8485-7427957365CD}.Release|Any CPU.ActiveCfg = Release|Any CPU
		{37904D3B-CD52-4171-8485-7427957365CD}.Release|Any CPU.Build.0 = Release|Any CPU
		{DB077956-156D-4E97-9E80-483DB2CB847A}.Debug|Any CPU.ActiveCfg = Debug|Any CPU
		{DB077956-156D-4E97-9E80-483DB2CB847A}.Debug|Any CPU.Build.0 = Debug|Any CPU
		{DB077956-156D-4E97-9E80-483DB2CB847A}.Release|Any CPU.ActiveCfg = Release|Any CPU
		{DB077956-156D-4E97-9E80-483DB2CB847A}.Release|Any CPU.Build.0 = Release|Any CPU
		{350E780B-B642-4B60-AFE2-E1A49C6C1AA7}.Debug|Any CPU.ActiveCfg = Debug|Any CPU
		{350E780B-B642-4B60-AFE2-E1A49C6C1AA7}.Debug|Any CPU.Build.0 = Debug|Any CPU
		{350E780B-B642-4B60-AFE2-E1A49C6C1AA7}.Release|Any CPU.ActiveCfg = Release|Any CPU
		{350E780B-B642-4B60-AFE2-E1A49C6C1AA7}.Release|Any CPU.Build.0 = Release|Any CPU
		{3245A5EF-3B4A-45F3-8397-597A00A82F74}.Debug|Any CPU.ActiveCfg = Debug|Any CPU
		{3245A5EF-3B4A-45F3-8397-597A00A82F74}.Debug|Any CPU.Build.0 = Debug|Any CPU
		{3245A5EF-3B4A-45F3-8397-597A00A82F74}.Release|Any CPU.ActiveCfg = Release|Any CPU
		{3245A5EF-3B4A-45F3-8397-597A00A82F74}.Release|Any CPU.Build.0 = Release|Any CPU
		{CD792746-9769-4074-B479-525D3F3BF391}.Debug|Any CPU.ActiveCfg = Debug|Any CPU
		{CD792746-9769-4074-B479-525D3F3BF391}.Debug|Any CPU.Build.0 = Debug|Any CPU
		{CD792746-9769-4074-B479-525D3F3BF391}.Release|Any CPU.ActiveCfg = Release|Any CPU
		{CD792746-9769-4074-B479-525D3F3BF391}.Release|Any CPU.Build.0 = Release|Any CPU
		{6FA1B318-AA05-4562-81DA-6089F3AAE558}.Debug|Any CPU.ActiveCfg = Debug|Any CPU
		{6FA1B318-AA05-4562-81DA-6089F3AAE558}.Debug|Any CPU.Build.0 = Debug|Any CPU
		{6FA1B318-AA05-4562-81DA-6089F3AAE558}.Release|Any CPU.ActiveCfg = Release|Any CPU
		{6FA1B318-AA05-4562-81DA-6089F3AAE558}.Release|Any CPU.Build.0 = Release|Any CPU
		{5F7C8787-FB4E-4887-B8D3-E394CC988160}.Debug|Any CPU.ActiveCfg = Debug|Any CPU
		{5F7C8787-FB4E-4887-B8D3-E394CC988160}.Debug|Any CPU.Build.0 = Debug|Any CPU
		{5F7C8787-FB4E-4887-B8D3-E394CC988160}.Release|Any CPU.ActiveCfg = Release|Any CPU
		{5F7C8787-FB4E-4887-B8D3-E394CC988160}.Release|Any CPU.Build.0 = Release|Any CPU
		{625C6D59-0479-49EB-B0E3-9C90A6ACE9AD}.Debug|Any CPU.ActiveCfg = Debug|Any CPU
		{625C6D59-0479-49EB-B0E3-9C90A6ACE9AD}.Debug|Any CPU.Build.0 = Debug|Any CPU
		{625C6D59-0479-49EB-B0E3-9C90A6ACE9AD}.Release|Any CPU.ActiveCfg = Release|Any CPU
		{625C6D59-0479-49EB-B0E3-9C90A6ACE9AD}.Release|Any CPU.Build.0 = Release|Any CPU
		{3F57D66D-F25F-40E2-AB34-9E245F33E926}.Debug|Any CPU.ActiveCfg = Debug|Any CPU
		{3F57D66D-F25F-40E2-AB34-9E245F33E926}.Debug|Any CPU.Build.0 = Debug|Any CPU
		{3F57D66D-F25F-40E2-AB34-9E245F33E926}.Release|Any CPU.ActiveCfg = Release|Any CPU
		{3F57D66D-F25F-40E2-AB34-9E245F33E926}.Release|Any CPU.Build.0 = Release|Any CPU
		{1AFEE3D2-8FFD-426E-9BF2-D401B4A5D976}.Debug|Any CPU.ActiveCfg = Debug|Any CPU
		{1AFEE3D2-8FFD-426E-9BF2-D401B4A5D976}.Debug|Any CPU.Build.0 = Debug|Any CPU
		{1AFEE3D2-8FFD-426E-9BF2-D401B4A5D976}.Release|Any CPU.ActiveCfg = Release|Any CPU
		{1AFEE3D2-8FFD-426E-9BF2-D401B4A5D976}.Release|Any CPU.Build.0 = Release|Any CPU
		{43C0FB4E-296D-422C-849C-AC757EC770EA}.Debug|Any CPU.ActiveCfg = Debug|Any CPU
		{43C0FB4E-296D-422C-849C-AC757EC770EA}.Debug|Any CPU.Build.0 = Debug|Any CPU
		{43C0FB4E-296D-422C-849C-AC757EC770EA}.Release|Any CPU.ActiveCfg = Release|Any CPU
		{43C0FB4E-296D-422C-849C-AC757EC770EA}.Release|Any CPU.Build.0 = Release|Any CPU
		{57C45A4B-2464-422D-9F26-D33A19B7BB7C}.Debug|Any CPU.ActiveCfg = Debug|Any CPU
		{57C45A4B-2464-422D-9F26-D33A19B7BB7C}.Debug|Any CPU.Build.0 = Debug|Any CPU
		{57C45A4B-2464-422D-9F26-D33A19B7BB7C}.Release|Any CPU.ActiveCfg = Release|Any CPU
		{57C45A4B-2464-422D-9F26-D33A19B7BB7C}.Release|Any CPU.Build.0 = Release|Any CPU
		{C9A80B45-7AC9-41B6-A27A-2FF762B9866E}.Debug|Any CPU.ActiveCfg = Debug|Any CPU
		{C9A80B45-7AC9-41B6-A27A-2FF762B9866E}.Debug|Any CPU.Build.0 = Debug|Any CPU
		{C9A80B45-7AC9-41B6-A27A-2FF762B9866E}.Release|Any CPU.ActiveCfg = Release|Any CPU
		{C9A80B45-7AC9-41B6-A27A-2FF762B9866E}.Release|Any CPU.Build.0 = Release|Any CPU
		{B112FA85-2B11-4A90-A6CF-6E21AB73E753}.Debug|Any CPU.ActiveCfg = Debug|Any CPU
		{B112FA85-2B11-4A90-A6CF-6E21AB73E753}.Debug|Any CPU.Build.0 = Debug|Any CPU
		{B112FA85-2B11-4A90-A6CF-6E21AB73E753}.Release|Any CPU.ActiveCfg = Release|Any CPU
		{B112FA85-2B11-4A90-A6CF-6E21AB73E753}.Release|Any CPU.Build.0 = Release|Any CPU
		{C61D202B-4B80-4703-8A30-F81A59D0DCE8}.Debug|Any CPU.ActiveCfg = Debug|Any CPU
		{C61D202B-4B80-4703-8A30-F81A59D0DCE8}.Debug|Any CPU.Build.0 = Debug|Any CPU
		{C61D202B-4B80-4703-8A30-F81A59D0DCE8}.Release|Any CPU.ActiveCfg = Release|Any CPU
		{C61D202B-4B80-4703-8A30-F81A59D0DCE8}.Release|Any CPU.Build.0 = Release|Any CPU
		{FAFB7941-4BB4-41F2-9542-100D6177EE27}.Debug|Any CPU.ActiveCfg = Debug|Any CPU
		{FAFB7941-4BB4-41F2-9542-100D6177EE27}.Debug|Any CPU.Build.0 = Debug|Any CPU
		{FAFB7941-4BB4-41F2-9542-100D6177EE27}.Release|Any CPU.ActiveCfg = Release|Any CPU
		{FAFB7941-4BB4-41F2-9542-100D6177EE27}.Release|Any CPU.Build.0 = Release|Any CPU
		{B5539FF3-C06D-47EB-B2E1-CF41CE563EBA}.Debug|Any CPU.ActiveCfg = Debug|Any CPU
		{B5539FF3-C06D-47EB-B2E1-CF41CE563EBA}.Debug|Any CPU.Build.0 = Debug|Any CPU
		{B5539FF3-C06D-47EB-B2E1-CF41CE563EBA}.Release|Any CPU.ActiveCfg = Release|Any CPU
		{B5539FF3-C06D-47EB-B2E1-CF41CE563EBA}.Release|Any CPU.Build.0 = Release|Any CPU
		{6580B7EA-DCF3-40E2-88F0-70B9A5F81CAB}.Debug|Any CPU.ActiveCfg = Debug|Any CPU
		{6580B7EA-DCF3-40E2-88F0-70B9A5F81CAB}.Debug|Any CPU.Build.0 = Debug|Any CPU
		{6580B7EA-DCF3-40E2-88F0-70B9A5F81CAB}.Release|Any CPU.ActiveCfg = Release|Any CPU
		{6580B7EA-DCF3-40E2-88F0-70B9A5F81CAB}.Release|Any CPU.Build.0 = Release|Any CPU
		{2859CFE9-F905-4F0F-BB0E-246CC5ACBCBA}.Debug|Any CPU.ActiveCfg = Debug|Any CPU
		{2859CFE9-F905-4F0F-BB0E-246CC5ACBCBA}.Debug|Any CPU.Build.0 = Debug|Any CPU
		{2859CFE9-F905-4F0F-BB0E-246CC5ACBCBA}.Release|Any CPU.ActiveCfg = Release|Any CPU
		{2859CFE9-F905-4F0F-BB0E-246CC5ACBCBA}.Release|Any CPU.Build.0 = Release|Any CPU
		{32F6B8D4-6337-4C84-B07C-6BB6980FE592}.Debug|Any CPU.ActiveCfg = Debug|Any CPU
		{32F6B8D4-6337-4C84-B07C-6BB6980FE592}.Debug|Any CPU.Build.0 = Debug|Any CPU
		{32F6B8D4-6337-4C84-B07C-6BB6980FE592}.Release|Any CPU.ActiveCfg = Release|Any CPU
		{32F6B8D4-6337-4C84-B07C-6BB6980FE592}.Release|Any CPU.Build.0 = Release|Any CPU
	EndGlobalSection
	GlobalSection(SolutionProperties) = preSolution
		HideSolutionNode = FALSE
	EndGlobalSection
	GlobalSection(ExtensibilityGlobals) = postSolution
		SolutionGuid = {E3399991-A1C7-46ED-A975-7C403BD3A2DE}
	EndGlobalSection
EndGlobal
